// !$*UTF8*$!
{
	archiveVersion = 1;
	classes = {
	};
	objectVersion = 46;
	objects = {

/* Begin PBXBuildFile section */
		D0A2FA631E793F6100BCE89A /* Interest.swift in Sources */ = {isa = PBXBuildFile; fileRef = D0A2FA621E793F6100BCE89A /* Interest.swift */; };
		D0A2FA651E79419100BCE89A /* InterestCell.swift in Sources */ = {isa = PBXBuildFile; fileRef = D0A2FA641E79419100BCE89A /* InterestCell.swift */; };
		D0B294601E7933AE00A097B0 /* AppDelegate.swift in Sources */ = {isa = PBXBuildFile; fileRef = D0B2945F1E7933AE00A097B0 /* AppDelegate.swift */; };
		D0B294621E7933AE00A097B0 /* ViewController.swift in Sources */ = {isa = PBXBuildFile; fileRef = D0B294611E7933AE00A097B0 /* ViewController.swift */; };
		D0B294651E7933AE00A097B0 /* Main.storyboard in Resources */ = {isa = PBXBuildFile; fileRef = D0B294631E7933AE00A097B0 /* Main.storyboard */; };
		D0B294671E7933AE00A097B0 /* Assets.xcassets in Resources */ = {isa = PBXBuildFile; fileRef = D0B294661E7933AE00A097B0 /* Assets.xcassets */; };
		D0B2946A1E7933AE00A097B0 /* LaunchScreen.storyboard in Resources */ = {isa = PBXBuildFile; fileRef = D0B294681E7933AE00A097B0 /* LaunchScreen.storyboard */; };
/* End PBXBuildFile section */

/* Begin PBXFileReference section */
		D0A2FA621E793F6100BCE89A /* Interest.swift */ = {isa = PBXFileReference; fileEncoding = 4; lastKnownFileType = sourcecode.swift; path = Interest.swift; sourceTree = "<group>"; };
		D0A2FA641E79419100BCE89A /* InterestCell.swift */ = {isa = PBXFileReference; fileEncoding = 4; lastKnownFileType = sourcecode.swift; path = InterestCell.swift; sourceTree = "<group>"; };
		D0B2945C1E7933AE00A097B0 /* CarouselEffect.app */ = {isa = PBXFileReference; explicitFileType = wrapper.application; includeInIndex = 0; path = CarouselEffect.app; sourceTree = BUILT_PRODUCTS_DIR; };
		D0B2945F1E7933AE00A097B0 /* AppDelegate.swift */ = {isa = PBXFileReference; lastKnownFileType = sourcecode.swift; path = AppDelegate.swift; sourceTree = "<group>"; };
		D0B294611E7933AE00A097B0 /* ViewController.swift */ = {isa = PBXFileReference; lastKnownFileType = sourcecode.swift; path = ViewController.swift; sourceTree = "<group>"; };
		D0B294641E7933AE00A097B0 /* Base */ = {isa = PBXFileReference; lastKnownFileType = file.storyboard; name = Base; path = Base.lproj/Main.storyboard; sourceTree = "<group>"; };
		D0B294661E7933AE00A097B0 /* Assets.xcassets */ = {isa = PBXFileReference; lastKnownFileType = folder.assetcatalog; path = Assets.xcassets; sourceTree = "<group>"; };
		D0B294691E7933AE00A097B0 /* Base */ = {isa = PBXFileReference; lastKnownFileType = file.storyboard; name = Base; path = Base.lproj/LaunchScreen.storyboard; sourceTree = "<group>"; };
		D0B2946B1E7933AE00A097B0 /* Info.plist */ = {isa = PBXFileReference; lastKnownFileType = text.plist.xml; path = Info.plist; sourceTree = "<group>"; };
/* End PBXFileReference section */

/* Begin PBXFrameworksBuildPhase section */
		D0B294591E7933AE00A097B0 /* Frameworks */ = {
			isa = PBXFrameworksBuildPhase;
			buildActionMask = 2147483647;
			files = (
			);
			runOnlyForDeploymentPostprocessing = 0;
		};
/* End PBXFrameworksBuildPhase section */

/* Begin PBXGroup section */
		D0B294531E7933AE00A097B0 = {
			isa = PBXGroup;
			children = (
				D0B2945E1E7933AE00A097B0 /* CarouselEffect */,
				D0B2945D1E7933AE00A097B0 /* Products */,
			);
			sourceTree = "<group>";
		};
		D0B2945D1E7933AE00A097B0 /* Products */ = {
			isa = PBXGroup;
			children = (
				D0B2945C1E7933AE00A097B0 /* CarouselEffect.app */,
			);
			name = Products;
			sourceTree = "<group>";
		};
		D0B2945E1E7933AE00A097B0 /* CarouselEffect */ = {
			isa = PBXGroup;
			children = (
				D0B2945F1E7933AE00A097B0 /* AppDelegate.swift */,
				D0B294611E7933AE00A097B0 /* ViewController.swift */,
				D0A2FA641E79419100BCE89A /* InterestCell.swift */,
				D0A2FA621E793F6100BCE89A /* Interest.swift */,
				D0B294631E7933AE00A097B0 /* Main.storyboard */,
				D0B294661E7933AE00A097B0 /* Assets.xcassets */,
				D0B294681E7933AE00A097B0 /* LaunchScreen.storyboard */,
				D0B2946B1E7933AE00A097B0 /* Info.plist */,
			);
			path = CarouselEffect;
			sourceTree = "<group>";
		};
/* End PBXGroup section */

/* Begin PBXNativeTarget section */
		D0B2945B1E7933AE00A097B0 /* CarouselEffect */ = {
			isa = PBXNativeTarget;
			buildConfigurationList = D0B2946E1E7933AE00A097B0 /* Build configuration list for PBXNativeTarget "CarouselEffect" */;
			buildPhases = (
				D0B294581E7933AE00A097B0 /* Sources */,
				D0B294591E7933AE00A097B0 /* Frameworks */,
				D0B2945A1E7933AE00A097B0 /* Resources */,
			);
			buildRules = (
			);
			dependencies = (
			);
			name = CarouselEffect;
			productName = CarouselEffect;
			productReference = D0B2945C1E7933AE00A097B0 /* CarouselEffect.app */;
			productType = "com.apple.product-type.application";
		};
/* End PBXNativeTarget section */

/* Begin PBXProject section */
		D0B294541E7933AE00A097B0 /* Project object */ = {
			isa = PBXProject;
			attributes = {
				LastSwiftUpdateCheck = 0820;
				LastUpgradeCheck = 0820;
				ORGANIZATIONNAME = Wolkamo;
				TargetAttributes = {
					D0B2945B1E7933AE00A097B0 = {
						CreatedOnToolsVersion = 8.2.1;
						DevelopmentTeam = V5BQXJ4624;
						ProvisioningStyle = Automatic;
					};
				};
			};
			buildConfigurationList = D0B294571E7933AE00A097B0 /* Build configuration list for PBXProject "CarouselEffect" */;
			compatibilityVersion = "Xcode 3.2";
			developmentRegion = English;
			hasScannedForEncodings = 0;
			knownRegions = (
				en,
				Base,
			);
			mainGroup = D0B294531E7933AE00A097B0;
			productRefGroup = D0B2945D1E7933AE00A097B0 /* Products */;
			projectDirPath = "";
			projectRoot = "";
			targets = (
				D0B2945B1E7933AE00A097B0 /* CarouselEffect */,
			);
		};
/* End PBXProject section */

/* Begin PBXResourcesBuildPhase section */
		D0B2945A1E7933AE00A097B0 /* Resources */ = {
			isa = PBXResourcesBuildPhase;
			buildActionMask = 2147483647;
			files = (
				D0B2946A1E7933AE00A097B0 /* LaunchScreen.storyboard in Resources */,
				D0B294671E7933AE00A097B0 /* Assets.xcassets in Resources */,
				D0B294651E7933AE00A097B0 /* Main.storyboard in Resources */,
			);
			runOnlyForDeploymentPostprocessing = 0;
		};
/* End PBXResourcesBuildPhase section */

/* Begin PBXSourcesBuildPhase section */
		D0B294581E7933AE00A097B0 /* Sources */ = {
			isa = PBXSourcesBuildPhase;
			buildActionMask = 2147483647;
			files = (
				D0A2FA631E793F6100BCE89A /* Interest.swift in Sources */,
				D0B294621E7933AE00A097B0 /* ViewController.swift in Sources */,
				D0B294601E7933AE00A097B0 /* AppDelegate.swift in Sources */,
				D0A2FA651E79419100BCE89A /* InterestCell.swift in Sources */,
			);
			runOnlyForDeploymentPostprocessing = 0;
		};
/* End PBXSourcesBuildPhase section */

/* Begin PBXVariantGroup section */
		D0B294631E7933AE00A097B0 /* Main.storyboard */ = {
			isa = PBXVariantGroup;
			children = (
				D0B294641E7933AE00A097B0 /* Base */,
			);
			name = Main.storyboard;
			sourceTree = "<group>";
		};
		D0B294681E7933AE00A097B0 /* LaunchScreen.storyboard */ = {
			isa = PBXVariantGroup;
			children = (
				D0B294691E7933AE00A097B0 /* Base */,
			);
			name = LaunchScreen.storyboard;
			sourceTree = "<group>";
		};
/* End PBXVariantGroup section */

/* Begin XCBuildConfiguration section */
		D0B2946C1E7933AE00A097B0 /* Debug */ = {
			isa = XCBuildConfiguration;
			buildSettings = {
				ALWAYS_SEARCH_USER_PATHS = NO;
				CLANG_ANALYZER_NONNULL = YES;
				CLANG_CXX_LANGUAGE_STANDARD = "gnu++0x";
				CLANG_CXX_LIBRARY = "libc++";
				CLANG_ENABLE_MODULES = YES;
				CLANG_ENABLE_OBJC_ARC = YES;
				CLANG_WARN_BOOL_CONVERSION = YES;
				CLANG_WARN_CONSTANT_CONVERSION = YES;
				CLANG_WARN_DIRECT_OBJC_ISA_USAGE = YES_ERROR;
				CLANG_WARN_DOCUMENTATION_COMMENTS = YES;
				CLANG_WARN_EMPTY_BODY = YES;
				CLANG_WARN_ENUM_CONVERSION = YES;
				CLANG_WARN_INFINITE_RECURSION = YES;
				CLANG_WARN_INT_CONVERSION = YES;
				CLANG_WARN_OBJC_ROOT_CLASS = YES_ERROR;
				CLANG_WARN_SUSPICIOUS_MOVE = YES;
				CLANG_WARN_UNREACHABLE_CODE = YES;
				CLANG_WARN__DUPLICATE_METHOD_MATCH = YES;
				"CODE_SIGN_IDENTITY[sdk=iphoneos*]" = "iPhone Developer";
				COPY_PHASE_STRIP = NO;
				DEBUG_INFORMATION_FORMAT = dwarf;
				ENABLE_STRICT_OBJC_MSGSEND = YES;
				ENABLE_TESTABILITY = YES;
				GCC_C_LANGUAGE_STANDARD = gnu99;
				GCC_DYNAMIC_NO_PIC = NO;
				GCC_NO_COMMON_BLOCKS = YES;
				GCC_OPTIMIZATION_LEVEL = 0;
				GCC_PREPROCESSOR_DEFINITIONS = (
					"DEBUG=1",
					"$(inherited)",
				);
				GCC_WARN_64_TO_32_BIT_CONVERSION = YES;
				GCC_WARN_ABOUT_RETURN_TYPE = YES_ERROR;
				GCC_WARN_UNDECLARED_SELECTOR = YES;
				GCC_WARN_UNINITIALIZED_AUTOS = YES_AGGRESSIVE;
				GCC_WARN_UNUSED_FUNCTION = YES;
				GCC_WARN_UNUSED_VARIABLE = YES;
				IPHONEOS_DEPLOYMENT_TARGET = 10.2;
				MTL_ENABLE_DEBUG_INFO = YES;
				ONLY_ACTIVE_ARCH = YES;
				SDKROOT = iphoneos;
				SWIFT_ACTIVE_COMPILATION_CONDITIONS = DEBUG;
				SWIFT_OPTIMIZATION_LEVEL = "-Onone";
			};
			name = Debug;
		};
		D0B2946D1E7933AE00A097B0 /* Release */ = {
			isa = XCBuildConfiguration;
			buildSettings = {
				ALWAYS_SEARCH_USER_PATHS = NO;
				CLANG_ANALYZER_NONNULL = YES;
				CLANG_CXX_LANGUAGE_STANDARD = "gnu++0x";
				CLANG_CXX_LIBRARY = "libc++";
				CLANG_ENABLE_MODULES = YES;
				CLANG_ENABLE_OBJC_ARC = YES;
				CLANG_WARN_BOOL_CONVERSION = YES;
				CLANG_WARN_CONSTANT_CONVERSION = YES;
				CLANG_WARN_DIRECT_OBJC_ISA_USAGE = YES_ERROR;
				CLANG_WARN_DOCUMENTATION_COMMENTS = YES;
				CLANG_WARN_EMPTY_BODY = YES;
				CLANG_WARN_ENUM_CONVERSION = YES;
				CLANG_WARN_INFINITE_RECURSION = YES;
				CLANG_WARN_INT_CONVERSION = YES;
				CLANG_WARN_OBJC_ROOT_CLASS = YES_ERROR;
				CLANG_WARN_SUSPICIOUS_MOVE = YES;
				CLANG_WARN_UNREACHABLE_CODE = YES;
				CLANG_WARN__DUPLICATE_METHOD_MATCH = YES;
				"CODE_SIGN_IDENTITY[sdk=iphoneos*]" = "iPhone Developer";
				COPY_PHASE_STRIP = NO;
				DEBUG_INFORMATION_FORMAT = "dwarf-with-dsym";
				ENABLE_NS_ASSERTIONS = NO;
				ENABLE_STRICT_OBJC_MSGSEND = YES;
				GCC_C_LANGUAGE_STANDARD = gnu99;
				GCC_NO_COMMON_BLOCKS = YES;
				GCC_WARN_64_TO_32_BIT_CONVERSION = YES;
				GCC_WARN_ABOUT_RETURN_TYPE = YES_ERROR;
				GCC_WARN_UNDECLARED_SELECTOR = YES;
				GCC_WARN_UNINITIALIZED_AUTOS = YES_AGGRESSIVE;
				GCC_WARN_UNUSED_FUNCTION = YES;
				GCC_WARN_UNUSED_VARIABLE = YES;
				IPHONEOS_DEPLOYMENT_TARGET = 10.2;
				MTL_ENABLE_DEBUG_INFO = NO;
				SDKROOT = iphoneos;
				SWIFT_OPTIMIZATION_LEVEL = "-Owholemodule";
				VALIDATE_PRODUCT = YES;
			};
			name = Release;
		};
		D0B2946F1E7933AE00A097B0 /* Debug */ = {
			isa = XCBuildConfiguration;
			buildSettings = {
				ASSETCATALOG_COMPILER_APPICON_NAME = AppIcon;
				DEVELOPMENT_TEAM = V5BQXJ4624;
				INFOPLIST_FILE = CarouselEffect/Info.plist;
				LD_RUNPATH_SEARCH_PATHS = "$(inherited) @executable_path/Frameworks";
				PRODUCT_BUNDLE_IDENTIFIER = com.wolkamo.CarouselEffect;
				PRODUCT_NAME = "$(TARGET_NAME)";
				SWIFT_VERSION = 3.0;
			};
			name = Debug;
		};
		D0B294701E7933AE00A097B0 /* Release */ = {
			isa = XCBuildConfiguration;
			buildSettings = {
				ASSETCATALOG_COMPILER_APPICON_NAME = AppIcon;
				DEVELOPMENT_TEAM = V5BQXJ4624;
				INFOPLIST_FILE = CarouselEffect/Info.plist;
				LD_RUNPATH_SEARCH_PATHS = "$(inherited) @executable_path/Frameworks";
				PRODUCT_BUNDLE_IDENTIFIER = com.wolkamo.CarouselEffect;
				PRODUCT_NAME = "$(TARGET_NAME)";
				SWIFT_VERSION = 3.0;
			};
			name = Release;
		};
/* End XCBuildConfiguration section */

/* Begin XCConfigurationList section */
		D0B294571E7933AE00A097B0 /* Build configuration list for PBXProject "CarouselEffect" */ = {
			isa = XCConfigurationList;
			buildConfigurations = (
				D0B2946C1E7933AE00A097B0 /* Debug */,
				D0B2946D1E7933AE00A097B0 /* Release */,
			);
			defaultConfigurationIsVisible = 0;
			defaultConfigurationName = Release;
		};
		D0B2946E1E7933AE00A097B0 /* Build configuration list for PBXNativeTarget "CarouselEffect" */ = {
			isa = XCConfigurationList;
			buildConfigurations = (
				D0B2946F1E7933AE00A097B0 /* Debug */,
				D0B294701E7933AE00A097B0 /* Release */,
			);
			defaultConfigurationIsVisible = 0;
			defaultConfigurationName = Release;
		};
/* End XCConfigurationList section */
	};
	rootObject = D0B294541E7933AE00A097B0 /* Project object */;
}
