// !$*UTF8*$!
{
	archiveVersion = 1;
	classes = {
	};
	objectVersion = 46;
	objects = {

/* Begin PBXBuildFile section */
		D06583E91E7FC4B700E45FDC /* AppDelegate.swift in Sources */ = {isa = PBXBuildFile; fileRef = D06583E81E7FC4B700E45FDC /* AppDelegate.swift */; };
		D06583EB1E7FC4B700E45FDC /* ViewController.swift in Sources */ = {isa = PBXBuildFile; fileRef = D06583EA1E7FC4B700E45FDC /* ViewController.swift */; };
		D06583EE1E7FC4B700E45FDC /* Main.storyboard in Resources */ = {isa = PBXBuildFile; fileRef = D06583EC1E7FC4B700E45FDC /* Main.storyboard */; };
		D06583F01E7FC4B700E45FDC /* Assets.xcassets in Resources */ = {isa = PBXBuildFile; fileRef = D06583EF1E7FC4B700E45FDC /* Assets.xcassets */; };
		D06583F31E7FC4B700E45FDC /* LaunchScreen.storyboard in Resources */ = {isa = PBXBuildFile; fileRef = D06583F11E7FC4B700E45FDC /* LaunchScreen.storyboard */; };
		D06583FB1E7FC58F00E45FDC /* Ecstasy.mp3 in Resources */ = {isa = PBXBuildFile; fileRef = D06583FA1E7FC58F00E45FDC /* Ecstasy.mp3 */; };
/* End PBXBuildFile section */

/* Begin PBXFileReference section */
		D06583E51E7FC4B700E45FDC /* RandomColorizaiton.app */ = {isa = PBXFileReference; explicitFileType = wrapper.application; includeInIndex = 0; path = RandomColorizaiton.app; sourceTree = BUILT_PRODUCTS_DIR; };
		D06583E81E7FC4B700E45FDC /* AppDelegate.swift */ = {isa = PBXFileReference; lastKnownFileType = sourcecode.swift; path = AppDelegate.swift; sourceTree = "<group>"; };
		D06583EA1E7FC4B700E45FDC /* ViewController.swift */ = {isa = PBXFileReference; lastKnownFileType = sourcecode.swift; path = ViewController.swift; sourceTree = "<group>"; };
		D06583ED1E7FC4B700E45FDC /* Base */ = {isa = PBXFileReference; lastKnownFileType = file.storyboard; name = Base; path = Base.lproj/Main.storyboard; sourceTree = "<group>"; };
		D06583EF1E7FC4B700E45FDC /* Assets.xcassets */ = {isa = PBXFileReference; lastKnownFileType = folder.assetcatalog; path = Assets.xcassets; sourceTree = "<group>"; };
		D06583F21E7FC4B700E45FDC /* Base */ = {isa = PBXFileReference; lastKnownFileType = file.storyboard; name = Base; path = Base.lproj/LaunchScreen.storyboard; sourceTree = "<group>"; };
		D06583F41E7FC4B700E45FDC /* Info.plist */ = {isa = PBXFileReference; lastKnownFileType = text.plist.xml; path = Info.plist; sourceTree = "<group>"; };
		D06583FA1E7FC58F00E45FDC /* Ecstasy.mp3 */ = {isa = PBXFileReference; lastKnownFileType = audio.mp3; path = Ecstasy.mp3; sourceTree = "<group>"; };
/* End PBXFileReference section */

/* Begin PBXFrameworksBuildPhase section */
		D06583E21E7FC4B700E45FDC /* Frameworks */ = {
			isa = PBXFrameworksBuildPhase;
			buildActionMask = 2147483647;
			files = (
			);
			runOnlyForDeploymentPostprocessing = 0;
		};
/* End PBXFrameworksBuildPhase section */

/* Begin PBXGroup section */
		D06583DC1E7FC4B700E45FDC = {
			isa = PBXGroup;
			children = (
				D06583E71E7FC4B700E45FDC /* RandomColorizaiton */,
				D06583E61E7FC4B700E45FDC /* Products */,
			);
			sourceTree = "<group>";
		};
		D06583E61E7FC4B700E45FDC /* Products */ = {
			isa = PBXGroup;
			children = (
				D06583E51E7FC4B700E45FDC /* RandomColorizaiton.app */,
			);
			name = Products;
			sourceTree = "<group>";
		};
		D06583E71E7FC4B700E45FDC /* RandomColorizaiton */ = {
			isa = PBXGroup;
			children = (
				D06583E81E7FC4B700E45FDC /* AppDelegate.swift */,
				D06583EA1E7FC4B700E45FDC /* ViewController.swift */,
				D06583EC1E7FC4B700E45FDC /* Main.storyboard */,
				D06583FA1E7FC58F00E45FDC /* Ecstasy.mp3 */,
				D06583EF1E7FC4B700E45FDC /* Assets.xcassets */,
				D06583F11E7FC4B700E45FDC /* LaunchScreen.storyboard */,
				D06583F41E7FC4B700E45FDC /* Info.plist */,
			);
			path = RandomColorizaiton;
			sourceTree = "<group>";
		};
/* End PBXGroup section */

/* Begin PBXNativeTarget section */
		D06583E41E7FC4B700E45FDC /* RandomColorizaiton */ = {
			isa = PBXNativeTarget;
			buildConfigurationList = D06583F71E7FC4B700E45FDC /* Build configuration list for PBXNativeTarget "RandomColorizaiton" */;
			buildPhases = (
				D06583E11E7FC4B700E45FDC /* Sources */,
				D06583E21E7FC4B700E45FDC /* Frameworks */,
				D06583E31E7FC4B700E45FDC /* Resources */,
			);
			buildRules = (
			);
			dependencies = (
			);
			name = RandomColorizaiton;
			productName = RandomColorizaiton;
			productReference = D06583E51E7FC4B700E45FDC /* RandomColorizaiton.app */;
			productType = "com.apple.product-type.application";
		};
/* End PBXNativeTarget section */

/* Begin PBXProject section */
		D06583DD1E7FC4B700E45FDC /* Project object */ = {
			isa = PBXProject;
			attributes = {
				LastSwiftUpdateCheck = 0820;
				LastUpgradeCheck = 0820;
				ORGANIZATIONNAME = Wolkamo;
				TargetAttributes = {
					D06583E41E7FC4B700E45FDC = {
						CreatedOnToolsVersion = 8.2.1;
						DevelopmentTeam = V5BQXJ4624;
						ProvisioningStyle = Automatic;
					};
				};
			};
			buildConfigurationList = D06583E01E7FC4B700E45FDC /* Build configuration list for PBXProject "RandomColorizaiton" */;
			compatibilityVersion = "Xcode 3.2";
			developmentRegion = English;
			hasScannedForEncodings = 0;
			knownRegions = (
				en,
				Base,
			);
			mainGroup = D06583DC1E7FC4B700E45FDC;
			productRefGroup = D06583E61E7FC4B700E45FDC /* Products */;
			projectDirPath = "";
			projectRoot = "";
			targets = (
				D06583E41E7FC4B700E45FDC /* RandomColorizaiton */,
			);
		};
/* End PBXProject section */

/* Begin PBXResourcesBuildPhase section */
		D06583E31E7FC4B700E45FDC /* Resources */ = {
			isa = PBXResourcesBuildPhase;
			buildActionMask = 2147483647;
			files = (
				D06583F31E7FC4B700E45FDC /* LaunchScreen.storyboard in Resources */,
				D06583FB1E7FC58F00E45FDC /* Ecstasy.mp3 in Resources */,
				D06583F01E7FC4B700E45FDC /* Assets.xcassets in Resources */,
				D06583EE1E7FC4B700E45FDC /* Main.storyboard in Resources */,
			);
			runOnlyForDeploymentPostprocessing = 0;
		};
/* End PBXResourcesBuildPhase section */

/* Begin PBXSourcesBuildPhase section */
		D06583E11E7FC4B700E45FDC /* Sources */ = {
			isa = PBXSourcesBuildPhase;
			buildActionMask = 2147483647;
			files = (
				D06583EB1E7FC4B700E45FDC /* ViewController.swift in Sources */,
				D06583E91E7FC4B700E45FDC /* AppDelegate.swift in Sources */,
			);
			runOnlyForDeploymentPostprocessing = 0;
		};
/* End PBXSourcesBuildPhase section */

/* Begin PBXVariantGroup section */
		D06583EC1E7FC4B700E45FDC /* Main.storyboard */ = {
			isa = PBXVariantGroup;
			children = (
				D06583ED1E7FC4B700E45FDC /* Base */,
			);
			name = Main.storyboard;
			sourceTree = "<group>";
		};
		D06583F11E7FC4B700E45FDC /* LaunchScreen.storyboard */ = {
			isa = PBXVariantGroup;
			children = (
				D06583F21E7FC4B700E45FDC /* Base */,
			);
			name = LaunchScreen.storyboard;
			sourceTree = "<group>";
		};
/* End PBXVariantGroup section */

/* Begin XCBuildConfiguration section */
		D06583F51E7FC4B700E45FDC /* Debug */ = {
			isa = XCBuildConfiguration;
			buildSettings = {
				ALWAYS_SEARCH_USER_PATHS = NO;
				CLANG_ANALYZER_NONNULL = YES;
				CLANG_CXX_LANGUAGE_STANDARD = "gnu++0x";
				CLANG_CXX_LIBRARY = "libc++";
				CLANG_ENABLE_MODULES = YES;
				CLANG_ENABLE_OBJC_ARC = YES;
				CLANG_WARN_BOOL_CONVERSION = YES;
				CLANG_WARN_CONSTANT_CONVERSION = YES;
				CLANG_WARN_DIRECT_OBJC_ISA_USAGE = YES_ERROR;
				CLANG_WARN_DOCUMENTATION_COMMENTS = YES;
				CLANG_WARN_EMPTY_BODY = YES;
				CLANG_WARN_ENUM_CONVERSION = YES;
				CLANG_WARN_INFINITE_RECURSION = YES;
				CLANG_WARN_INT_CONVERSION = YES;
				CLANG_WARN_OBJC_ROOT_CLASS = YES_ERROR;
				CLANG_WARN_SUSPICIOUS_MOVE = YES;
				CLANG_WARN_UNREACHABLE_CODE = YES;
				CLANG_WARN__DUPLICATE_METHOD_MATCH = YES;
				"CODE_SIGN_IDENTITY[sdk=iphoneos*]" = "iPhone Developer";
				COPY_PHASE_STRIP = NO;
				DEBUG_INFORMATION_FORMAT = dwarf;
				ENABLE_STRICT_OBJC_MSGSEND = YES;
				ENABLE_TESTABILITY = YES;
				GCC_C_LANGUAGE_STANDARD = gnu99;
				GCC_DYNAMIC_NO_PIC = NO;
				GCC_NO_COMMON_BLOCKS = YES;
				GCC_OPTIMIZATION_LEVEL = 0;
				GCC_PREPROCESSOR_DEFINITIONS = (
					"DEBUG=1",
					"$(inherited)",
				);
				GCC_WARN_64_TO_32_BIT_CONVERSION = YES;
				GCC_WARN_ABOUT_RETURN_TYPE = YES_ERROR;
				GCC_WARN_UNDECLARED_SELECTOR = YES;
				GCC_WARN_UNINITIALIZED_AUTOS = YES_AGGRESSIVE;
				GCC_WARN_UNUSED_FUNCTION = YES;
				GCC_WARN_UNUSED_VARIABLE = YES;
				IPHONEOS_DEPLOYMENT_TARGET = 10.2;
				MTL_ENABLE_DEBUG_INFO = YES;
				ONLY_ACTIVE_ARCH = YES;
				SDKROOT = iphoneos;
				SWIFT_ACTIVE_COMPILATION_CONDITIONS = DEBUG;
				SWIFT_OPTIMIZATION_LEVEL = "-Onone";
			};
			name = Debug;
		};
		D06583F61E7FC4B700E45FDC /* Release */ = {
			isa = XCBuildConfiguration;
			buildSettings = {
				ALWAYS_SEARCH_USER_PATHS = NO;
				CLANG_ANALYZER_NONNULL = YES;
				CLANG_CXX_LANGUAGE_STANDARD = "gnu++0x";
				CLANG_CXX_LIBRARY = "libc++";
				CLANG_ENABLE_MODULES = YES;
				CLANG_ENABLE_OBJC_ARC = YES;
				CLANG_WARN_BOOL_CONVERSION = YES;
				CLANG_WARN_CONSTANT_CONVERSION = YES;
				CLANG_WARN_DIRECT_OBJC_ISA_USAGE = YES_ERROR;
				CLANG_WARN_DOCUMENTATION_COMMENTS = YES;
				CLANG_WARN_EMPTY_BODY = YES;
				CLANG_WARN_ENUM_CONVERSION = YES;
				CLANG_WARN_INFINITE_RECURSION = YES;
				CLANG_WARN_INT_CONVERSION = YES;
				CLANG_WARN_OBJC_ROOT_CLASS = YES_ERROR;
				CLANG_WARN_SUSPICIOUS_MOVE = YES;
				CLANG_WARN_UNREACHABLE_CODE = YES;
				CLANG_WARN__DUPLICATE_METHOD_MATCH = YES;
				"CODE_SIGN_IDENTITY[sdk=iphoneos*]" = "iPhone Developer";
				COPY_PHASE_STRIP = NO;
				DEBUG_INFORMATION_FORMAT = "dwarf-with-dsym";
				ENABLE_NS_ASSERTIONS = NO;
				ENABLE_STRICT_OBJC_MSGSEND = YES;
				GCC_C_LANGUAGE_STANDARD = gnu99;
				GCC_NO_COMMON_BLOCKS = YES;
				GCC_WARN_64_TO_32_BIT_CONVERSION = YES;
				GCC_WARN_ABOUT_RETURN_TYPE = YES_ERROR;
				GCC_WARN_UNDECLARED_SELECTOR = YES;
				GCC_WARN_UNINITIALIZED_AUTOS = YES_AGGRESSIVE;
				GCC_WARN_UNUSED_FUNCTION = YES;
				GCC_WARN_UNUSED_VARIABLE = YES;
				IPHONEOS_DEPLOYMENT_TARGET = 10.2;
				MTL_ENABLE_DEBUG_INFO = NO;
				SDKROOT = iphoneos;
				SWIFT_OPTIMIZATION_LEVEL = "-Owholemodule";
				VALIDATE_PRODUCT = YES;
			};
			name = Release;
		};
		D06583F81E7FC4B700E45FDC /* Debug */ = {
			isa = XCBuildConfiguration;
			buildSettings = {
				ASSETCATALOG_COMPILER_APPICON_NAME = AppIcon;
				DEVELOPMENT_TEAM = V5BQXJ4624;
				INFOPLIST_FILE = RandomColorizaiton/Info.plist;
				LD_RUNPATH_SEARCH_PATHS = "$(inherited) @executable_path/Frameworks";
				PRODUCT_BUNDLE_IDENTIFIER = com.wolkamo.RandomColorizaiton;
				PRODUCT_NAME = "$(TARGET_NAME)";
				SWIFT_VERSION = 3.0;
			};
			name = Debug;
		};
		D06583F91E7FC4B700E45FDC /* Release */ = {
			isa = XCBuildConfiguration;
			buildSettings = {
				ASSETCATALOG_COMPILER_APPICON_NAME = AppIcon;
				DEVELOPMENT_TEAM = V5BQXJ4624;
				INFOPLIST_FILE = RandomColorizaiton/Info.plist;
				LD_RUNPATH_SEARCH_PATHS = "$(inherited) @executable_path/Frameworks";
				PRODUCT_BUNDLE_IDENTIFIER = com.wolkamo.RandomColorizaiton;
				PRODUCT_NAME = "$(TARGET_NAME)";
				SWIFT_VERSION = 3.0;
			};
			name = Release;
		};
/* End XCBuildConfiguration section */

/* Begin XCConfigurationList section */
		D06583E01E7FC4B700E45FDC /* Build configuration list for PBXProject "RandomColorizaiton" */ = {
			isa = XCConfigurationList;
			buildConfigurations = (
				D06583F51E7FC4B700E45FDC /* Debug */,
				D06583F61E7FC4B700E45FDC /* Release */,
			);
			defaultConfigurationIsVisible = 0;
			defaultConfigurationName = Release;
		};
		D06583F71E7FC4B700E45FDC /* Build configuration list for PBXNativeTarget "RandomColorizaiton" */ = {
			isa = XCConfigurationList;
			buildConfigurations = (
				D06583F81E7FC4B700E45FDC /* Debug */,
				D06583F91E7FC4B700E45FDC /* Release */,
			);
			defaultConfigurationIsVisible = 0;
		};
/* End XCConfigurationList section */
	};
	rootObject = D06583DD1E7FC4B700E45FDC /* Project object */;
}
