// !$*UTF8*$!
{
	archiveVersion = 1;
	classes = {
	};
	objectVersion = 46;
	objects = {

/* Begin PBXBuildFile section */
		D0D9CE931EAF5CEF00B7CFC9 /* AppDelegate.swift in Sources */ = {isa = PBXBuildFile; fileRef = D0D9CE921EAF5CEF00B7CFC9 /* AppDelegate.swift */; };
		D0D9CE981EAF5CEF00B7CFC9 /* Main.storyboard in Resources */ = {isa = PBXBuildFile; fileRef = D0D9CE961EAF5CEF00B7CFC9 /* Main.storyboard */; };
		D0D9CE9A1EAF5CEF00B7CFC9 /* Assets.xcassets in Resources */ = {isa = PBXBuildFile; fileRef = D0D9CE991EAF5CEF00B7CFC9 /* Assets.xcassets */; };
		D0D9CE9D1EAF5CEF00B7CFC9 /* LaunchScreen.storyboard in Resources */ = {isa = PBXBuildFile; fileRef = D0D9CE9B1EAF5CEF00B7CFC9 /* LaunchScreen.storyboard */; };
		D0D9CEA51EAF61AB00B7CFC9 /* FirstViewController.swift in Sources */ = {isa = PBXBuildFile; fileRef = D0D9CEA41EAF61AB00B7CFC9 /* FirstViewController.swift */; };
		D0D9CEA71EAF61B900B7CFC9 /* SecondViewController.swift in Sources */ = {isa = PBXBuildFile; fileRef = D0D9CEA61EAF61B900B7CFC9 /* SecondViewController.swift */; };
		D0D9CEA91EAF61C000B7CFC9 /* ThirdViewController.swift in Sources */ = {isa = PBXBuildFile; fileRef = D0D9CEA81EAF61C000B7CFC9 /* ThirdViewController.swift */; };
		D0D9CEAB1EAF66AA00B7CFC9 /* ArticleCell.swift in Sources */ = {isa = PBXBuildFile; fileRef = D0D9CEAA1EAF66AA00B7CFC9 /* ArticleCell.swift */; };
/* End PBXBuildFile section */

/* Begin PBXFileReference section */
		D0D9CE8F1EAF5CEF00B7CFC9 /* TabbarApp.app */ = {isa = PBXFileReference; explicitFileType = wrapper.application; includeInIndex = 0; path = TabbarApp.app; sourceTree = BUILT_PRODUCTS_DIR; };
		D0D9CE921EAF5CEF00B7CFC9 /* AppDelegate.swift */ = {isa = PBXFileReference; lastKnownFileType = sourcecode.swift; path = AppDelegate.swift; sourceTree = "<group>"; };
		D0D9CE971EAF5CEF00B7CFC9 /* Base */ = {isa = PBXFileReference; lastKnownFileType = file.storyboard; name = Base; path = Base.lproj/Main.storyboard; sourceTree = "<group>"; };
		D0D9CE991EAF5CEF00B7CFC9 /* Assets.xcassets */ = {isa = PBXFileReference; lastKnownFileType = folder.assetcatalog; path = Assets.xcassets; sourceTree = "<group>"; };
		D0D9CE9C1EAF5CEF00B7CFC9 /* Base */ = {isa = PBXFileReference; lastKnownFileType = file.storyboard; name = Base; path = Base.lproj/LaunchScreen.storyboard; sourceTree = "<group>"; };
		D0D9CE9E1EAF5CEF00B7CFC9 /* Info.plist */ = {isa = PBXFileReference; lastKnownFileType = text.plist.xml; path = Info.plist; sourceTree = "<group>"; };
		D0D9CEA41EAF61AB00B7CFC9 /* FirstViewController.swift */ = {isa = PBXFileReference; fileEncoding = 4; lastKnownFileType = sourcecode.swift; path = FirstViewController.swift; sourceTree = "<group>"; };
		D0D9CEA61EAF61B900B7CFC9 /* SecondViewController.swift */ = {isa = PBXFileReference; fileEncoding = 4; lastKnownFileType = sourcecode.swift; path = SecondViewController.swift; sourceTree = "<group>"; };
		D0D9CEA81EAF61C000B7CFC9 /* ThirdViewController.swift */ = {isa = PBXFileReference; fileEncoding = 4; lastKnownFileType = sourcecode.swift; path = ThirdViewController.swift; sourceTree = "<group>"; };
		D0D9CEAA1EAF66AA00B7CFC9 /* ArticleCell.swift */ = {isa = PBXFileReference; fileEncoding = 4; lastKnownFileType = sourcecode.swift; path = ArticleCell.swift; sourceTree = "<group>"; };
/* End PBXFileReference section */

/* Begin PBXFrameworksBuildPhase section */
		D0D9CE8C1EAF5CEF00B7CFC9 /* Frameworks */ = {
			isa = PBXFrameworksBuildPhase;
			buildActionMask = 2147483647;
			files = (
			);
			runOnlyForDeploymentPostprocessing = 0;
		};
/* End PBXFrameworksBuildPhase section */

/* Begin PBXGroup section */
		D0D9CE861EAF5CEF00B7CFC9 = {
			isa = PBXGroup;
			children = (
				D0D9CE911EAF5CEF00B7CFC9 /* TabbarApp */,
				D0D9CE901EAF5CEF00B7CFC9 /* Products */,
			);
			sourceTree = "<group>";
		};
		D0D9CE901EAF5CEF00B7CFC9 /* Products */ = {
			isa = PBXGroup;
			children = (
				D0D9CE8F1EAF5CEF00B7CFC9 /* TabbarApp.app */,
			);
			name = Products;
			sourceTree = "<group>";
		};
		D0D9CE911EAF5CEF00B7CFC9 /* TabbarApp */ = {
			isa = PBXGroup;
			children = (
				D0D9CE921EAF5CEF00B7CFC9 /* AppDelegate.swift */,
				D0D9CEAA1EAF66AA00B7CFC9 /* ArticleCell.swift */,
				D0D9CEA41EAF61AB00B7CFC9 /* FirstViewController.swift */,
				D0D9CEA61EAF61B900B7CFC9 /* SecondViewController.swift */,
				D0D9CEA81EAF61C000B7CFC9 /* ThirdViewController.swift */,
				D0D9CE961EAF5CEF00B7CFC9 /* Main.storyboard */,
				D0D9CE991EAF5CEF00B7CFC9 /* Assets.xcassets */,
				D0D9CE9B1EAF5CEF00B7CFC9 /* LaunchScreen.storyboard */,
				D0D9CE9E1EAF5CEF00B7CFC9 /* Info.plist */,
			);
			path = TabbarApp;
			sourceTree = "<group>";
		};
/* End PBXGroup section */

/* Begin PBXNativeTarget section */
		D0D9CE8E1EAF5CEF00B7CFC9 /* TabbarApp */ = {
			isa = PBXNativeTarget;
			buildConfigurationList = D0D9CEA11EAF5CEF00B7CFC9 /* Build configuration list for PBXNativeTarget "TabbarApp" */;
			buildPhases = (
				D0D9CE8B1EAF5CEF00B7CFC9 /* Sources */,
				D0D9CE8C1EAF5CEF00B7CFC9 /* Frameworks */,
				D0D9CE8D1EAF5CEF00B7CFC9 /* Resources */,
			);
			buildRules = (
			);
			dependencies = (
			);
			name = TabbarApp;
			productName = TabbarApp;
			productReference = D0D9CE8F1EAF5CEF00B7CFC9 /* TabbarApp.app */;
			productType = "com.apple.product-type.application";
		};
/* End PBXNativeTarget section */

/* Begin PBXProject section */
		D0D9CE871EAF5CEF00B7CFC9 /* Project object */ = {
			isa = PBXProject;
			attributes = {
				LastSwiftUpdateCheck = 0830;
				LastUpgradeCheck = 0830;
				ORGANIZATIONNAME = Phoenix;
				TargetAttributes = {
					D0D9CE8E1EAF5CEF00B7CFC9 = {
						CreatedOnToolsVersion = 8.3.2;
						DevelopmentTeam = 8TCNQ547JF;
						ProvisioningStyle = Automatic;
					};
				};
			};
			buildConfigurationList = D0D9CE8A1EAF5CEF00B7CFC9 /* Build configuration list for PBXProject "TabbarApp" */;
			compatibilityVersion = "Xcode 3.2";
			developmentRegion = English;
			hasScannedForEncodings = 0;
			knownRegions = (
				en,
				Base,
			);
			mainGroup = D0D9CE861EAF5CEF00B7CFC9;
			productRefGroup = D0D9CE901EAF5CEF00B7CFC9 /* Products */;
			projectDirPath = "";
			projectRoot = "";
			targets = (
				D0D9CE8E1EAF5CEF00B7CFC9 /* TabbarApp */,
			);
		};
/* End PBXProject section */

/* Begin PBXResourcesBuildPhase section */
		D0D9CE8D1EAF5CEF00B7CFC9 /* Resources */ = {
			isa = PBXResourcesBuildPhase;
			buildActionMask = 2147483647;
			files = (
				D0D9CE9D1EAF5CEF00B7CFC9 /* LaunchScreen.storyboard in Resources */,
				D0D9CE9A1EAF5CEF00B7CFC9 /* Assets.xcassets in Resources */,
				D0D9CE981EAF5CEF00B7CFC9 /* Main.storyboard in Resources */,
			);
			runOnlyForDeploymentPostprocessing = 0;
		};
/* End PBXResourcesBuildPhase section */

/* Begin PBXSourcesBuildPhase section */
		D0D9CE8B1EAF5CEF00B7CFC9 /* Sources */ = {
			isa = PBXSourcesBuildPhase;
			buildActionMask = 2147483647;
			files = (
				D0D9CEA71EAF61B900B7CFC9 /* SecondViewController.swift in Sources */,
				D0D9CE931EAF5CEF00B7CFC9 /* AppDelegate.swift in Sources */,
				D0D9CEA91EAF61C000B7CFC9 /* ThirdViewController.swift in Sources */,
				D0D9CEAB1EAF66AA00B7CFC9 /* ArticleCell.swift in Sources */,
				D0D9CEA51EAF61AB00B7CFC9 /* FirstViewController.swift in Sources */,
			);
			runOnlyForDeploymentPostprocessing = 0;
		};
/* End PBXSourcesBuildPhase section */

/* Begin PBXVariantGroup section */
		D0D9CE961EAF5CEF00B7CFC9 /* Main.storyboard */ = {
			isa = PBXVariantGroup;
			children = (
				D0D9CE971EAF5CEF00B7CFC9 /* Base */,
			);
			name = Main.storyboard;
			sourceTree = "<group>";
		};
		D0D9CE9B1EAF5CEF00B7CFC9 /* LaunchScreen.storyboard */ = {
			isa = PBXVariantGroup;
			children = (
				D0D9CE9C1EAF5CEF00B7CFC9 /* Base */,
			);
			name = LaunchScreen.storyboard;
			sourceTree = "<group>";
		};
/* End PBXVariantGroup section */

/* Begin XCBuildConfiguration section */
		D0D9CE9F1EAF5CEF00B7CFC9 /* Debug */ = {
			isa = XCBuildConfiguration;
			buildSettings = {
				ALWAYS_SEARCH_USER_PATHS = NO;
				CLANG_ANALYZER_NONNULL = YES;
				CLANG_ANALYZER_NUMBER_OBJECT_CONVERSION = YES_AGGRESSIVE;
				CLANG_CXX_LANGUAGE_STANDARD = "gnu++0x";
				CLANG_CXX_LIBRARY = "libc++";
				CLANG_ENABLE_MODULES = YES;
				CLANG_ENABLE_OBJC_ARC = YES;
				CLANG_WARN_BOOL_CONVERSION = YES;
				CLANG_WARN_CONSTANT_CONVERSION = YES;
				CLANG_WARN_DIRECT_OBJC_ISA_USAGE = YES_ERROR;
				CLANG_WARN_DOCUMENTATION_COMMENTS = YES;
				CLANG_WARN_EMPTY_BODY = YES;
				CLANG_WARN_ENUM_CONVERSION = YES;
				CLANG_WARN_INFINITE_RECURSION = YES;
				CLANG_WARN_INT_CONVERSION = YES;
				CLANG_WARN_OBJC_ROOT_CLASS = YES_ERROR;
				CLANG_WARN_SUSPICIOUS_MOVE = YES;
				CLANG_WARN_UNREACHABLE_CODE = YES;
				CLANG_WARN__DUPLICATE_METHOD_MATCH = YES;
				"CODE_SIGN_IDENTITY[sdk=iphoneos*]" = "iPhone Developer";
				COPY_PHASE_STRIP = NO;
				DEBUG_INFORMATION_FORMAT = dwarf;
				ENABLE_STRICT_OBJC_MSGSEND = YES;
				ENABLE_TESTABILITY = YES;
				GCC_C_LANGUAGE_STANDARD = gnu99;
				GCC_DYNAMIC_NO_PIC = NO;
				GCC_NO_COMMON_BLOCKS = YES;
				GCC_OPTIMIZATION_LEVEL = 0;
				GCC_PREPROCESSOR_DEFINITIONS = (
					"DEBUG=1",
					"$(inherited)",
				);
				GCC_WARN_64_TO_32_BIT_CONVERSION = YES;
				GCC_WARN_ABOUT_RETURN_TYPE = YES_ERROR;
				GCC_WARN_UNDECLARED_SELECTOR = YES;
				GCC_WARN_UNINITIALIZED_AUTOS = YES_AGGRESSIVE;
				GCC_WARN_UNUSED_FUNCTION = YES;
				GCC_WARN_UNUSED_VARIABLE = YES;
				IPHONEOS_DEPLOYMENT_TARGET = 10.3;
				MTL_ENABLE_DEBUG_INFO = YES;
				ONLY_ACTIVE_ARCH = YES;
				SDKROOT = iphoneos;
				SWIFT_ACTIVE_COMPILATION_CONDITIONS = DEBUG;
				SWIFT_OPTIMIZATION_LEVEL = "-Onone";
			};
			name = Debug;
		};
		D0D9CEA01EAF5CEF00B7CFC9 /* Release */ = {
			isa = XCBuildConfiguration;
			buildSettings = {
				ALWAYS_SEARCH_USER_PATHS = NO;
				CLANG_ANALYZER_NONNULL = YES;
				CLANG_ANALYZER_NUMBER_OBJECT_CONVERSION = YES_AGGRESSIVE;
				CLANG_CXX_LANGUAGE_STANDARD = "gnu++0x";
				CLANG_CXX_LIBRARY = "libc++";
				CLANG_ENABLE_MODULES = YES;
				CLANG_ENABLE_OBJC_ARC = YES;
				CLANG_WARN_BOOL_CONVERSION = YES;
				CLANG_WARN_CONSTANT_CONVERSION = YES;
				CLANG_WARN_DIRECT_OBJC_ISA_USAGE = YES_ERROR;
				CLANG_WARN_DOCUMENTATION_COMMENTS = YES;
				CLANG_WARN_EMPTY_BODY = YES;
				CLANG_WARN_ENUM_CONVERSION = YES;
				CLANG_WARN_INFINITE_RECURSION = YES;
				CLANG_WARN_INT_CONVERSION = YES;
				CLANG_WARN_OBJC_ROOT_CLASS = YES_ERROR;
				CLANG_WARN_SUSPICIOUS_MOVE = YES;
				CLANG_WARN_UNREACHABLE_CODE = YES;
				CLANG_WARN__DUPLICATE_METHOD_MATCH = YES;
				"CODE_SIGN_IDENTITY[sdk=iphoneos*]" = "iPhone Developer";
				COPY_PHASE_STRIP = NO;
				DEBUG_INFORMATION_FORMAT = "dwarf-with-dsym";
				ENABLE_NS_ASSERTIONS = NO;
				ENABLE_STRICT_OBJC_MSGSEND = YES;
				GCC_C_LANGUAGE_STANDARD = gnu99;
				GCC_NO_COMMON_BLOCKS = YES;
				GCC_WARN_64_TO_32_BIT_CONVERSION = YES;
				GCC_WARN_ABOUT_RETURN_TYPE = YES_ERROR;
				GCC_WARN_UNDECLARED_SELECTOR = YES;
				GCC_WARN_UNINITIALIZED_AUTOS = YES_AGGRESSIVE;
				GCC_WARN_UNUSED_FUNCTION = YES;
				GCC_WARN_UNUSED_VARIABLE = YES;
				IPHONEOS_DEPLOYMENT_TARGET = 10.3;
				MTL_ENABLE_DEBUG_INFO = NO;
				SDKROOT = iphoneos;
				SWIFT_OPTIMIZATION_LEVEL = "-Owholemodule";
				VALIDATE_PRODUCT = YES;
			};
			name = Release;
		};
		D0D9CEA21EAF5CEF00B7CFC9 /* Debug */ = {
			isa = XCBuildConfiguration;
			buildSettings = {
				ASSETCATALOG_COMPILER_APPICON_NAME = AppIcon;
				DEVELOPMENT_TEAM = 8TCNQ547JF;
				INFOPLIST_FILE = TabbarApp/Info.plist;
				LD_RUNPATH_SEARCH_PATHS = "$(inherited) @executable_path/Frameworks";
				PRODUCT_BUNDLE_IDENTIFIER = com.phoenix.dev;
				PRODUCT_NAME = "$(TARGET_NAME)";
				SWIFT_VERSION = 3.0;
			};
			name = Debug;
		};
		D0D9CEA31EAF5CEF00B7CFC9 /* Release */ = {
			isa = XCBuildConfiguration;
			buildSettings = {
				ASSETCATALOG_COMPILER_APPICON_NAME = AppIcon;
				DEVELOPMENT_TEAM = 8TCNQ547JF;
				INFOPLIST_FILE = TabbarApp/Info.plist;
				LD_RUNPATH_SEARCH_PATHS = "$(inherited) @executable_path/Frameworks";
				PRODUCT_BUNDLE_IDENTIFIER = com.phoenix.dev;
				PRODUCT_NAME = "$(TARGET_NAME)";
				SWIFT_VERSION = 3.0;
			};
			name = Release;
		};
/* End XCBuildConfiguration section */

/* Begin XCConfigurationList section */
		D0D9CE8A1EAF5CEF00B7CFC9 /* Build configuration list for PBXProject "TabbarApp" */ = {
			isa = XCConfigurationList;
			buildConfigurations = (
				D0D9CE9F1EAF5CEF00B7CFC9 /* Debug */,
				D0D9CEA01EAF5CEF00B7CFC9 /* Release */,
			);
			defaultConfigurationIsVisible = 0;
			defaultConfigurationName = Release;
		};
		D0D9CEA11EAF5CEF00B7CFC9 /* Build configuration list for PBXNativeTarget "TabbarApp" */ = {
			isa = XCConfigurationList;
			buildConfigurations = (
				D0D9CEA21EAF5CEF00B7CFC9 /* Debug */,
				D0D9CEA31EAF5CEF00B7CFC9 /* Release */,
			);
			defaultConfigurationIsVisible = 0;
		};
/* End XCConfigurationList section */
	};
	rootObject = D0D9CE871EAF5CEF00B7CFC9 /* Project object */;
}
