// !$*UTF8*$!
{
	archiveVersion = 1;
	classes = {
	};
	objectVersion = 46;
	objects = {

/* Begin PBXBuildFile section */
		D014EF1E1E9F825500531637 /* RefreshContents.xib in Resources */ = {isa = PBXBuildFile; fileRef = D014EF1D1E9F825500531637 /* RefreshContents.xib */; };
		D02086151E9CED69007BC338 /* AppDelegate.swift in Sources */ = {isa = PBXBuildFile; fileRef = D02086141E9CED69007BC338 /* AppDelegate.swift */; };
		D02086171E9CED69007BC338 /* ViewController.swift in Sources */ = {isa = PBXBuildFile; fileRef = D02086161E9CED69007BC338 /* ViewController.swift */; };
		D020861A1E9CED6A007BC338 /* Main.storyboard in Resources */ = {isa = PBXBuildFile; fileRef = D02086181E9CED6A007BC338 /* Main.storyboard */; };
		D020861C1E9CED6A007BC338 /* Assets.xcassets in Resources */ = {isa = PBXBuildFile; fileRef = D020861B1E9CED6A007BC338 /* Assets.xcassets */; };
		D020861F1E9CED6A007BC338 /* LaunchScreen.storyboard in Resources */ = {isa = PBXBuildFile; fileRef = D020861D1E9CED6A007BC338 /* LaunchScreen.storyboard */; };
/* End PBXBuildFile section */

/* Begin PBXFileReference section */
		D014EF1D1E9F825500531637 /* RefreshContents.xib */ = {isa = PBXFileReference; fileEncoding = 4; lastKnownFileType = file.xib; path = RefreshContents.xib; sourceTree = "<group>"; };
		D02086111E9CED69007BC338 /* CustomPullToRefresh.app */ = {isa = PBXFileReference; explicitFileType = wrapper.application; includeInIndex = 0; path = CustomPullToRefresh.app; sourceTree = BUILT_PRODUCTS_DIR; };
		D02086141E9CED69007BC338 /* AppDelegate.swift */ = {isa = PBXFileReference; lastKnownFileType = sourcecode.swift; path = AppDelegate.swift; sourceTree = "<group>"; };
		D02086161E9CED69007BC338 /* ViewController.swift */ = {isa = PBXFileReference; lastKnownFileType = sourcecode.swift; path = ViewController.swift; sourceTree = "<group>"; };
		D02086191E9CED6A007BC338 /* Base */ = {isa = PBXFileReference; lastKnownFileType = file.storyboard; name = Base; path = Base.lproj/Main.storyboard; sourceTree = "<group>"; };
		D020861B1E9CED6A007BC338 /* Assets.xcassets */ = {isa = PBXFileReference; lastKnownFileType = folder.assetcatalog; path = Assets.xcassets; sourceTree = "<group>"; };
		D020861E1E9CED6A007BC338 /* Base */ = {isa = PBXFileReference; lastKnownFileType = file.storyboard; name = Base; path = Base.lproj/LaunchScreen.storyboard; sourceTree = "<group>"; };
		D02086201E9CED6A007BC338 /* Info.plist */ = {isa = PBXFileReference; lastKnownFileType = text.plist.xml; path = Info.plist; sourceTree = "<group>"; };
/* End PBXFileReference section */

/* Begin PBXFrameworksBuildPhase section */
		D020860E1E9CED69007BC338 /* Frameworks */ = {
			isa = PBXFrameworksBuildPhase;
			buildActionMask = 2147483647;
			files = (
			);
			runOnlyForDeploymentPostprocessing = 0;
		};
/* End PBXFrameworksBuildPhase section */

/* Begin PBXGroup section */
		D02086081E9CED69007BC338 = {
			isa = PBXGroup;
			children = (
				D02086131E9CED69007BC338 /* CustomPullToRefresh */,
				D02086121E9CED69007BC338 /* Products */,
			);
			sourceTree = "<group>";
		};
		D02086121E9CED69007BC338 /* Products */ = {
			isa = PBXGroup;
			children = (
				D02086111E9CED69007BC338 /* CustomPullToRefresh.app */,
			);
			name = Products;
			sourceTree = "<group>";
		};
		D02086131E9CED69007BC338 /* CustomPullToRefresh */ = {
			isa = PBXGroup;
			children = (
				D02086141E9CED69007BC338 /* AppDelegate.swift */,
				D02086161E9CED69007BC338 /* ViewController.swift */,
				D02086181E9CED6A007BC338 /* Main.storyboard */,
				D014EF1D1E9F825500531637 /* RefreshContents.xib */,
				D020861B1E9CED6A007BC338 /* Assets.xcassets */,
				D020861D1E9CED6A007BC338 /* LaunchScreen.storyboard */,
				D02086201E9CED6A007BC338 /* Info.plist */,
			);
			path = CustomPullToRefresh;
			sourceTree = "<group>";
		};
/* End PBXGroup section */

/* Begin PBXNativeTarget section */
		D02086101E9CED69007BC338 /* CustomPullToRefresh */ = {
			isa = PBXNativeTarget;
			buildConfigurationList = D02086231E9CED6A007BC338 /* Build configuration list for PBXNativeTarget "CustomPullToRefresh" */;
			buildPhases = (
				D020860D1E9CED69007BC338 /* Sources */,
				D020860E1E9CED69007BC338 /* Frameworks */,
				D020860F1E9CED69007BC338 /* Resources */,
			);
			buildRules = (
			);
			dependencies = (
			);
			name = CustomPullToRefresh;
			productName = CustomPullToRefresh;
			productReference = D02086111E9CED69007BC338 /* CustomPullToRefresh.app */;
			productType = "com.apple.product-type.application";
		};
/* End PBXNativeTarget section */

/* Begin PBXProject section */
		D02086091E9CED69007BC338 /* Project object */ = {
			isa = PBXProject;
			attributes = {
				LastSwiftUpdateCheck = 0830;
				LastUpgradeCheck = 0830;
				ORGANIZATIONNAME = Wolkamo;
				TargetAttributes = {
					D02086101E9CED69007BC338 = {
						CreatedOnToolsVersion = 8.3;
						DevelopmentTeam = 264XQAP2FJ;
						ProvisioningStyle = Automatic;
					};
				};
			};
			buildConfigurationList = D020860C1E9CED69007BC338 /* Build configuration list for PBXProject "CustomPullToRefresh" */;
			compatibilityVersion = "Xcode 3.2";
			developmentRegion = English;
			hasScannedForEncodings = 0;
			knownRegions = (
				en,
				Base,
			);
			mainGroup = D02086081E9CED69007BC338;
			productRefGroup = D02086121E9CED69007BC338 /* Products */;
			projectDirPath = "";
			projectRoot = "";
			targets = (
				D02086101E9CED69007BC338 /* CustomPullToRefresh */,
			);
		};
/* End PBXProject section */

/* Begin PBXResourcesBuildPhase section */
		D020860F1E9CED69007BC338 /* Resources */ = {
			isa = PBXResourcesBuildPhase;
			buildActionMask = 2147483647;
			files = (
				D020861F1E9CED6A007BC338 /* LaunchScreen.storyboard in Resources */,
				D014EF1E1E9F825500531637 /* RefreshContents.xib in Resources */,
				D020861C1E9CED6A007BC338 /* Assets.xcassets in Resources */,
				D020861A1E9CED6A007BC338 /* Main.storyboard in Resources */,
			);
			runOnlyForDeploymentPostprocessing = 0;
		};
/* End PBXResourcesBuildPhase section */

/* Begin PBXSourcesBuildPhase section */
		D020860D1E9CED69007BC338 /* Sources */ = {
			isa = PBXSourcesBuildPhase;
			buildActionMask = 2147483647;
			files = (
				D02086171E9CED69007BC338 /* ViewController.swift in Sources */,
				D02086151E9CED69007BC338 /* AppDelegate.swift in Sources */,
			);
			runOnlyForDeploymentPostprocessing = 0;
		};
/* End PBXSourcesBuildPhase section */

/* Begin PBXVariantGroup section */
		D02086181E9CED6A007BC338 /* Main.storyboard */ = {
			isa = PBXVariantGroup;
			children = (
				D02086191E9CED6A007BC338 /* Base */,
			);
			name = Main.storyboard;
			sourceTree = "<group>";
		};
		D020861D1E9CED6A007BC338 /* LaunchScreen.storyboard */ = {
			isa = PBXVariantGroup;
			children = (
				D020861E1E9CED6A007BC338 /* Base */,
			);
			name = LaunchScreen.storyboard;
			sourceTree = "<group>";
		};
/* End PBXVariantGroup section */

/* Begin XCBuildConfiguration section */
		D02086211E9CED6A007BC338 /* Debug */ = {
			isa = XCBuildConfiguration;
			buildSettings = {
				ALWAYS_SEARCH_USER_PATHS = NO;
				CLANG_ANALYZER_NONNULL = YES;
				CLANG_ANALYZER_NUMBER_OBJECT_CONVERSION = YES_AGGRESSIVE;
				CLANG_CXX_LANGUAGE_STANDARD = "gnu++0x";
				CLANG_CXX_LIBRARY = "libc++";
				CLANG_ENABLE_MODULES = YES;
				CLANG_ENABLE_OBJC_ARC = YES;
				CLANG_WARN_BOOL_CONVERSION = YES;
				CLANG_WARN_CONSTANT_CONVERSION = YES;
				CLANG_WARN_DIRECT_OBJC_ISA_USAGE = YES_ERROR;
				CLANG_WARN_DOCUMENTATION_COMMENTS = YES;
				CLANG_WARN_EMPTY_BODY = YES;
				CLANG_WARN_ENUM_CONVERSION = YES;
				CLANG_WARN_INFINITE_RECURSION = YES;
				CLANG_WARN_INT_CONVERSION = YES;
				CLANG_WARN_OBJC_ROOT_CLASS = YES_ERROR;
				CLANG_WARN_SUSPICIOUS_MOVE = YES;
				CLANG_WARN_UNREACHABLE_CODE = YES;
				CLANG_WARN__DUPLICATE_METHOD_MATCH = YES;
				"CODE_SIGN_IDENTITY[sdk=iphoneos*]" = "iPhone Developer";
				COPY_PHASE_STRIP = NO;
				DEBUG_INFORMATION_FORMAT = dwarf;
				ENABLE_STRICT_OBJC_MSGSEND = YES;
				ENABLE_TESTABILITY = YES;
				GCC_C_LANGUAGE_STANDARD = gnu99;
				GCC_DYNAMIC_NO_PIC = NO;
				GCC_NO_COMMON_BLOCKS = YES;
				GCC_OPTIMIZATION_LEVEL = 0;
				GCC_PREPROCESSOR_DEFINITIONS = (
					"DEBUG=1",
					"$(inherited)",
				);
				GCC_WARN_64_TO_32_BIT_CONVERSION = YES;
				GCC_WARN_ABOUT_RETURN_TYPE = YES_ERROR;
				GCC_WARN_UNDECLARED_SELECTOR = YES;
				GCC_WARN_UNINITIALIZED_AUTOS = YES_AGGRESSIVE;
				GCC_WARN_UNUSED_FUNCTION = YES;
				GCC_WARN_UNUSED_VARIABLE = YES;
				IPHONEOS_DEPLOYMENT_TARGET = 10.3;
				MTL_ENABLE_DEBUG_INFO = YES;
				ONLY_ACTIVE_ARCH = YES;
				SDKROOT = iphoneos;
				SWIFT_ACTIVE_COMPILATION_CONDITIONS = DEBUG;
				SWIFT_OPTIMIZATION_LEVEL = "-Onone";
			};
			name = Debug;
		};
		D02086221E9CED6A007BC338 /* Release */ = {
			isa = XCBuildConfiguration;
			buildSettings = {
				ALWAYS_SEARCH_USER_PATHS = NO;
				CLANG_ANALYZER_NONNULL = YES;
				CLANG_ANALYZER_NUMBER_OBJECT_CONVERSION = YES_AGGRESSIVE;
				CLANG_CXX_LANGUAGE_STANDARD = "gnu++0x";
				CLANG_CXX_LIBRARY = "libc++";
				CLANG_ENABLE_MODULES = YES;
				CLANG_ENABLE_OBJC_ARC = YES;
				CLANG_WARN_BOOL_CONVERSION = YES;
				CLANG_WARN_CONSTANT_CONVERSION = YES;
				CLANG_WARN_DIRECT_OBJC_ISA_USAGE = YES_ERROR;
				CLANG_WARN_DOCUMENTATION_COMMENTS = YES;
				CLANG_WARN_EMPTY_BODY = YES;
				CLANG_WARN_ENUM_CONVERSION = YES;
				CLANG_WARN_INFINITE_RECURSION = YES;
				CLANG_WARN_INT_CONVERSION = YES;
				CLANG_WARN_OBJC_ROOT_CLASS = YES_ERROR;
				CLANG_WARN_SUSPICIOUS_MOVE = YES;
				CLANG_WARN_UNREACHABLE_CODE = YES;
				CLANG_WARN__DUPLICATE_METHOD_MATCH = YES;
				"CODE_SIGN_IDENTITY[sdk=iphoneos*]" = "iPhone Developer";
				COPY_PHASE_STRIP = NO;
				DEBUG_INFORMATION_FORMAT = "dwarf-with-dsym";
				ENABLE_NS_ASSERTIONS = NO;
				ENABLE_STRICT_OBJC_MSGSEND = YES;
				GCC_C_LANGUAGE_STANDARD = gnu99;
				GCC_NO_COMMON_BLOCKS = YES;
				GCC_WARN_64_TO_32_BIT_CONVERSION = YES;
				GCC_WARN_ABOUT_RETURN_TYPE = YES_ERROR;
				GCC_WARN_UNDECLARED_SELECTOR = YES;
				GCC_WARN_UNINITIALIZED_AUTOS = YES_AGGRESSIVE;
				GCC_WARN_UNUSED_FUNCTION = YES;
				GCC_WARN_UNUSED_VARIABLE = YES;
				IPHONEOS_DEPLOYMENT_TARGET = 10.3;
				MTL_ENABLE_DEBUG_INFO = NO;
				SDKROOT = iphoneos;
				SWIFT_OPTIMIZATION_LEVEL = "-Owholemodule";
				VALIDATE_PRODUCT = YES;
			};
			name = Release;
		};
		D02086241E9CED6A007BC338 /* Debug */ = {
			isa = XCBuildConfiguration;
			buildSettings = {
				ASSETCATALOG_COMPILER_APPICON_NAME = AppIcon;
				DEVELOPMENT_TEAM = 264XQAP2FJ;
				INFOPLIST_FILE = CustomPullToRefresh/Info.plist;
				LD_RUNPATH_SEARCH_PATHS = "$(inherited) @executable_path/Frameworks";
				PRODUCT_BUNDLE_IDENTIFIER = com.wolkamo.CustomPullToRefresh;
				PRODUCT_NAME = "$(TARGET_NAME)";
				SWIFT_VERSION = 3.0;
			};
			name = Debug;
		};
		D02086251E9CED6A007BC338 /* Release */ = {
			isa = XCBuildConfiguration;
			buildSettings = {
				ASSETCATALOG_COMPILER_APPICON_NAME = AppIcon;
				DEVELOPMENT_TEAM = 264XQAP2FJ;
				INFOPLIST_FILE = CustomPullToRefresh/Info.plist;
				LD_RUNPATH_SEARCH_PATHS = "$(inherited) @executable_path/Frameworks";
				PRODUCT_BUNDLE_IDENTIFIER = com.wolkamo.CustomPullToRefresh;
				PRODUCT_NAME = "$(TARGET_NAME)";
				SWIFT_VERSION = 3.0;
			};
			name = Release;
		};
/* End XCBuildConfiguration section */

/* Begin XCConfigurationList section */
		D020860C1E9CED69007BC338 /* Build configuration list for PBXProject "CustomPullToRefresh" */ = {
			isa = XCConfigurationList;
			buildConfigurations = (
				D02086211E9CED6A007BC338 /* Debug */,
				D02086221E9CED6A007BC338 /* Release */,
			);
			defaultConfigurationIsVisible = 0;
			defaultConfigurationName = Release;
		};
		D02086231E9CED6A007BC338 /* Build configuration list for PBXNativeTarget "CustomPullToRefresh" */ = {
			isa = XCConfigurationList;
			buildConfigurations = (
				D02086241E9CED6A007BC338 /* Debug */,
				D02086251E9CED6A007BC338 /* Release */,
			);
			defaultConfigurationIsVisible = 0;
			defaultConfigurationName = Release;
		};
/* End XCConfigurationList section */
	};
	rootObject = D02086091E9CED69007BC338 /* Project object */;
}
