// !$*UTF8*$!
{
	archiveVersion = 1;
	classes = {
	};
	objectVersion = 46;
	objects = {

/* Begin PBXBuildFile section */
		D019E7121E77EF9600BAC896 /* AppDelegate.swift in Sources */ = {isa = PBXBuildFile; fileRef = D019E7111E77EF9600BAC896 /* AppDelegate.swift */; };
		D019E7141E77EF9600BAC896 /* ViewController.swift in Sources */ = {isa = PBXBuildFile; fileRef = D019E7131E77EF9600BAC896 /* ViewController.swift */; };
		D019E7171E77EF9700BAC896 /* Main.storyboard in Resources */ = {isa = PBXBuildFile; fileRef = D019E7151E77EF9700BAC896 /* Main.storyboard */; };
		D019E7191E77EF9700BAC896 /* Assets.xcassets in Resources */ = {isa = PBXBuildFile; fileRef = D019E7181E77EF9700BAC896 /* Assets.xcassets */; };
		D019E71C1E77EF9700BAC896 /* LaunchScreen.storyboard in Resources */ = {isa = PBXBuildFile; fileRef = D019E71A1E77EF9700BAC896 /* LaunchScreen.storyboard */; };
		D019E7251E77F29400BAC896 /* right.jpg in Resources */ = {isa = PBXBuildFile; fileRef = D019E7231E77F29400BAC896 /* right.jpg */; };
		D019E7261E77F29400BAC896 /* left.jpg in Resources */ = {isa = PBXBuildFile; fileRef = D019E7241E77F29400BAC896 /* left.jpg */; };
		D019E7281E77F2C500BAC896 /* CameraController.swift in Sources */ = {isa = PBXBuildFile; fileRef = D019E7271E77F2C500BAC896 /* CameraController.swift */; };
		D019E72A1E77F2D300BAC896 /* LeftController.swift in Sources */ = {isa = PBXBuildFile; fileRef = D019E7291E77F2D300BAC896 /* LeftController.swift */; };
		D019E72C1E77F2E000BAC896 /* RightController.swift in Sources */ = {isa = PBXBuildFile; fileRef = D019E72B1E77F2E000BAC896 /* RightController.swift */; };
/* End PBXBuildFile section */

/* Begin PBXFileReference section */
		D019E70E1E77EF9600BAC896 /* SnapChat.app */ = {isa = PBXFileReference; explicitFileType = wrapper.application; includeInIndex = 0; path = SnapChat.app; sourceTree = BUILT_PRODUCTS_DIR; };
		D019E7111E77EF9600BAC896 /* AppDelegate.swift */ = {isa = PBXFileReference; lastKnownFileType = sourcecode.swift; path = AppDelegate.swift; sourceTree = "<group>"; };
		D019E7131E77EF9600BAC896 /* ViewController.swift */ = {isa = PBXFileReference; lastKnownFileType = sourcecode.swift; path = ViewController.swift; sourceTree = "<group>"; };
		D019E7161E77EF9700BAC896 /* Base */ = {isa = PBXFileReference; lastKnownFileType = file.storyboard; name = Base; path = Base.lproj/Main.storyboard; sourceTree = "<group>"; };
		D019E7181E77EF9700BAC896 /* Assets.xcassets */ = {isa = PBXFileReference; lastKnownFileType = folder.assetcatalog; path = Assets.xcassets; sourceTree = "<group>"; };
		D019E71B1E77EF9700BAC896 /* Base */ = {isa = PBXFileReference; lastKnownFileType = file.storyboard; name = Base; path = Base.lproj/LaunchScreen.storyboard; sourceTree = "<group>"; };
		D019E71D1E77EF9700BAC896 /* Info.plist */ = {isa = PBXFileReference; lastKnownFileType = text.plist.xml; path = Info.plist; sourceTree = "<group>"; };
		D019E7231E77F29400BAC896 /* right.jpg */ = {isa = PBXFileReference; lastKnownFileType = image.jpeg; path = right.jpg; sourceTree = "<group>"; };
		D019E7241E77F29400BAC896 /* left.jpg */ = {isa = PBXFileReference; lastKnownFileType = image.jpeg; path = left.jpg; sourceTree = "<group>"; };
		D019E7271E77F2C500BAC896 /* CameraController.swift */ = {isa = PBXFileReference; fileEncoding = 4; lastKnownFileType = sourcecode.swift; path = CameraController.swift; sourceTree = "<group>"; };
		D019E7291E77F2D300BAC896 /* LeftController.swift */ = {isa = PBXFileReference; fileEncoding = 4; lastKnownFileType = sourcecode.swift; path = LeftController.swift; sourceTree = "<group>"; };
		D019E72B1E77F2E000BAC896 /* RightController.swift */ = {isa = PBXFileReference; fileEncoding = 4; lastKnownFileType = sourcecode.swift; path = RightController.swift; sourceTree = "<group>"; };
/* End PBXFileReference section */

/* Begin PBXFrameworksBuildPhase section */
		D019E70B1E77EF9600BAC896 /* Frameworks */ = {
			isa = PBXFrameworksBuildPhase;
			buildActionMask = 2147483647;
			files = (
			);
			runOnlyForDeploymentPostprocessing = 0;
		};
/* End PBXFrameworksBuildPhase section */

/* Begin PBXGroup section */
		D019E7051E77EF9600BAC896 = {
			isa = PBXGroup;
			children = (
				D019E7101E77EF9600BAC896 /* SnapChat */,
				D019E70F1E77EF9600BAC896 /* Products */,
			);
			sourceTree = "<group>";
		};
		D019E70F1E77EF9600BAC896 /* Products */ = {
			isa = PBXGroup;
			children = (
				D019E70E1E77EF9600BAC896 /* SnapChat.app */,
			);
			name = Products;
			sourceTree = "<group>";
		};
		D019E7101E77EF9600BAC896 /* SnapChat */ = {
			isa = PBXGroup;
			children = (
				D019E7111E77EF9600BAC896 /* AppDelegate.swift */,
				D019E7131E77EF9600BAC896 /* ViewController.swift */,
				D019E7271E77F2C500BAC896 /* CameraController.swift */,
				D019E7291E77F2D300BAC896 /* LeftController.swift */,
				D019E72B1E77F2E000BAC896 /* RightController.swift */,
				D019E7231E77F29400BAC896 /* right.jpg */,
				D019E7241E77F29400BAC896 /* left.jpg */,
				D019E7151E77EF9700BAC896 /* Main.storyboard */,
				D019E7181E77EF9700BAC896 /* Assets.xcassets */,
				D019E71A1E77EF9700BAC896 /* LaunchScreen.storyboard */,
				D019E71D1E77EF9700BAC896 /* Info.plist */,
			);
			path = SnapChat;
			sourceTree = "<group>";
		};
/* End PBXGroup section */

/* Begin PBXNativeTarget section */
		D019E70D1E77EF9600BAC896 /* SnapChat */ = {
			isa = PBXNativeTarget;
			buildConfigurationList = D019E7201E77EF9700BAC896 /* Build configuration list for PBXNativeTarget "SnapChat" */;
			buildPhases = (
				D019E70A1E77EF9600BAC896 /* Sources */,
				D019E70B1E77EF9600BAC896 /* Frameworks */,
				D019E70C1E77EF9600BAC896 /* Resources */,
			);
			buildRules = (
			);
			dependencies = (
			);
			name = SnapChat;
			productName = SnapChat;
			productReference = D019E70E1E77EF9600BAC896 /* SnapChat.app */;
			productType = "com.apple.product-type.application";
		};
/* End PBXNativeTarget section */

/* Begin PBXProject section */
		D019E7061E77EF9600BAC896 /* Project object */ = {
			isa = PBXProject;
			attributes = {
				LastSwiftUpdateCheck = 0820;
				LastUpgradeCheck = 0820;
				ORGANIZATIONNAME = Wolkamo;
				TargetAttributes = {
					D019E70D1E77EF9600BAC896 = {
						CreatedOnToolsVersion = 8.2.1;
						DevelopmentTeam = V5BQXJ4624;
						ProvisioningStyle = Automatic;
					};
				};
			};
			buildConfigurationList = D019E7091E77EF9600BAC896 /* Build configuration list for PBXProject "SnapChat" */;
			compatibilityVersion = "Xcode 3.2";
			developmentRegion = English;
			hasScannedForEncodings = 0;
			knownRegions = (
				en,
				Base,
			);
			mainGroup = D019E7051E77EF9600BAC896;
			productRefGroup = D019E70F1E77EF9600BAC896 /* Products */;
			projectDirPath = "";
			projectRoot = "";
			targets = (
				D019E70D1E77EF9600BAC896 /* SnapChat */,
			);
		};
/* End PBXProject section */

/* Begin PBXResourcesBuildPhase section */
		D019E70C1E77EF9600BAC896 /* Resources */ = {
			isa = PBXResourcesBuildPhase;
			buildActionMask = 2147483647;
			files = (
				D019E71C1E77EF9700BAC896 /* LaunchScreen.storyboard in Resources */,
				D019E7261E77F29400BAC896 /* left.jpg in Resources */,
				D019E7191E77EF9700BAC896 /* Assets.xcassets in Resources */,
				D019E7251E77F29400BAC896 /* right.jpg in Resources */,
				D019E7171E77EF9700BAC896 /* Main.storyboard in Resources */,
			);
			runOnlyForDeploymentPostprocessing = 0;
		};
/* End PBXResourcesBuildPhase section */

/* Begin PBXSourcesBuildPhase section */
		D019E70A1E77EF9600BAC896 /* Sources */ = {
			isa = PBXSourcesBuildPhase;
			buildActionMask = 2147483647;
			files = (
				D019E72C1E77F2E000BAC896 /* RightController.swift in Sources */,
				D019E7281E77F2C500BAC896 /* CameraController.swift in Sources */,
				D019E7141E77EF9600BAC896 /* ViewController.swift in Sources */,
				D019E72A1E77F2D300BAC896 /* LeftController.swift in Sources */,
				D019E7121E77EF9600BAC896 /* AppDelegate.swift in Sources */,
			);
			runOnlyForDeploymentPostprocessing = 0;
		};
/* End PBXSourcesBuildPhase section */

/* Begin PBXVariantGroup section */
		D019E7151E77EF9700BAC896 /* Main.storyboard */ = {
			isa = PBXVariantGroup;
			children = (
				D019E7161E77EF9700BAC896 /* Base */,
			);
			name = Main.storyboard;
			sourceTree = "<group>";
		};
		D019E71A1E77EF9700BAC896 /* LaunchScreen.storyboard */ = {
			isa = PBXVariantGroup;
			children = (
				D019E71B1E77EF9700BAC896 /* Base */,
			);
			name = LaunchScreen.storyboard;
			sourceTree = "<group>";
		};
/* End PBXVariantGroup section */

/* Begin XCBuildConfiguration section */
		D019E71E1E77EF9700BAC896 /* Debug */ = {
			isa = XCBuildConfiguration;
			buildSettings = {
				ALWAYS_SEARCH_USER_PATHS = NO;
				CLANG_ANALYZER_NONNULL = YES;
				CLANG_CXX_LANGUAGE_STANDARD = "gnu++0x";
				CLANG_CXX_LIBRARY = "libc++";
				CLANG_ENABLE_MODULES = YES;
				CLANG_ENABLE_OBJC_ARC = YES;
				CLANG_WARN_BOOL_CONVERSION = YES;
				CLANG_WARN_CONSTANT_CONVERSION = YES;
				CLANG_WARN_DIRECT_OBJC_ISA_USAGE = YES_ERROR;
				CLANG_WARN_DOCUMENTATION_COMMENTS = YES;
				CLANG_WARN_EMPTY_BODY = YES;
				CLANG_WARN_ENUM_CONVERSION = YES;
				CLANG_WARN_INFINITE_RECURSION = YES;
				CLANG_WARN_INT_CONVERSION = YES;
				CLANG_WARN_OBJC_ROOT_CLASS = YES_ERROR;
				CLANG_WARN_SUSPICIOUS_MOVE = YES;
				CLANG_WARN_UNREACHABLE_CODE = YES;
				CLANG_WARN__DUPLICATE_METHOD_MATCH = YES;
				"CODE_SIGN_IDENTITY[sdk=iphoneos*]" = "iPhone Developer";
				COPY_PHASE_STRIP = NO;
				DEBUG_INFORMATION_FORMAT = dwarf;
				ENABLE_STRICT_OBJC_MSGSEND = YES;
				ENABLE_TESTABILITY = YES;
				GCC_C_LANGUAGE_STANDARD = gnu99;
				GCC_DYNAMIC_NO_PIC = NO;
				GCC_NO_COMMON_BLOCKS = YES;
				GCC_OPTIMIZATION_LEVEL = 0;
				GCC_PREPROCESSOR_DEFINITIONS = (
					"DEBUG=1",
					"$(inherited)",
				);
				GCC_WARN_64_TO_32_BIT_CONVERSION = YES;
				GCC_WARN_ABOUT_RETURN_TYPE = YES_ERROR;
				GCC_WARN_UNDECLARED_SELECTOR = YES;
				GCC_WARN_UNINITIALIZED_AUTOS = YES_AGGRESSIVE;
				GCC_WARN_UNUSED_FUNCTION = YES;
				GCC_WARN_UNUSED_VARIABLE = YES;
				IPHONEOS_DEPLOYMENT_TARGET = 10.2;
				MTL_ENABLE_DEBUG_INFO = YES;
				ONLY_ACTIVE_ARCH = YES;
				SDKROOT = iphoneos;
				SWIFT_ACTIVE_COMPILATION_CONDITIONS = DEBUG;
				SWIFT_OPTIMIZATION_LEVEL = "-Onone";
			};
			name = Debug;
		};
		D019E71F1E77EF9700BAC896 /* Release */ = {
			isa = XCBuildConfiguration;
			buildSettings = {
				ALWAYS_SEARCH_USER_PATHS = NO;
				CLANG_ANALYZER_NONNULL = YES;
				CLANG_CXX_LANGUAGE_STANDARD = "gnu++0x";
				CLANG_CXX_LIBRARY = "libc++";
				CLANG_ENABLE_MODULES = YES;
				CLANG_ENABLE_OBJC_ARC = YES;
				CLANG_WARN_BOOL_CONVERSION = YES;
				CLANG_WARN_CONSTANT_CONVERSION = YES;
				CLANG_WARN_DIRECT_OBJC_ISA_USAGE = YES_ERROR;
				CLANG_WARN_DOCUMENTATION_COMMENTS = YES;
				CLANG_WARN_EMPTY_BODY = YES;
				CLANG_WARN_ENUM_CONVERSION = YES;
				CLANG_WARN_INFINITE_RECURSION = YES;
				CLANG_WARN_INT_CONVERSION = YES;
				CLANG_WARN_OBJC_ROOT_CLASS = YES_ERROR;
				CLANG_WARN_SUSPICIOUS_MOVE = YES;
				CLANG_WARN_UNREACHABLE_CODE = YES;
				CLANG_WARN__DUPLICATE_METHOD_MATCH = YES;
				"CODE_SIGN_IDENTITY[sdk=iphoneos*]" = "iPhone Developer";
				COPY_PHASE_STRIP = NO;
				DEBUG_INFORMATION_FORMAT = "dwarf-with-dsym";
				ENABLE_NS_ASSERTIONS = NO;
				ENABLE_STRICT_OBJC_MSGSEND = YES;
				GCC_C_LANGUAGE_STANDARD = gnu99;
				GCC_NO_COMMON_BLOCKS = YES;
				GCC_WARN_64_TO_32_BIT_CONVERSION = YES;
				GCC_WARN_ABOUT_RETURN_TYPE = YES_ERROR;
				GCC_WARN_UNDECLARED_SELECTOR = YES;
				GCC_WARN_UNINITIALIZED_AUTOS = YES_AGGRESSIVE;
				GCC_WARN_UNUSED_FUNCTION = YES;
				GCC_WARN_UNUSED_VARIABLE = YES;
				IPHONEOS_DEPLOYMENT_TARGET = 10.2;
				MTL_ENABLE_DEBUG_INFO = NO;
				SDKROOT = iphoneos;
				SWIFT_OPTIMIZATION_LEVEL = "-Owholemodule";
				VALIDATE_PRODUCT = YES;
			};
			name = Release;
		};
		D019E7211E77EF9700BAC896 /* Debug */ = {
			isa = XCBuildConfiguration;
			buildSettings = {
				ASSETCATALOG_COMPILER_APPICON_NAME = AppIcon;
				DEVELOPMENT_TEAM = V5BQXJ4624;
				INFOPLIST_FILE = SnapChat/Info.plist;
				LD_RUNPATH_SEARCH_PATHS = "$(inherited) @executable_path/Frameworks";
				PRODUCT_BUNDLE_IDENTIFIER = com.wolkamo.SnapChat;
				PRODUCT_NAME = "$(TARGET_NAME)";
				SWIFT_VERSION = 3.0;
			};
			name = Debug;
		};
		D019E7221E77EF9700BAC896 /* Release */ = {
			isa = XCBuildConfiguration;
			buildSettings = {
				ASSETCATALOG_COMPILER_APPICON_NAME = AppIcon;
				DEVELOPMENT_TEAM = V5BQXJ4624;
				INFOPLIST_FILE = SnapChat/Info.plist;
				LD_RUNPATH_SEARCH_PATHS = "$(inherited) @executable_path/Frameworks";
				PRODUCT_BUNDLE_IDENTIFIER = com.wolkamo.SnapChat;
				PRODUCT_NAME = "$(TARGET_NAME)";
				SWIFT_VERSION = 3.0;
			};
			name = Release;
		};
/* End XCBuildConfiguration section */

/* Begin XCConfigurationList section */
		D019E7091E77EF9600BAC896 /* Build configuration list for PBXProject "SnapChat" */ = {
			isa = XCConfigurationList;
			buildConfigurations = (
				D019E71E1E77EF9700BAC896 /* Debug */,
				D019E71F1E77EF9700BAC896 /* Release */,
			);
			defaultConfigurationIsVisible = 0;
			defaultConfigurationName = Release;
		};
		D019E7201E77EF9700BAC896 /* Build configuration list for PBXNativeTarget "SnapChat" */ = {
			isa = XCConfigurationList;
			buildConfigurations = (
				D019E7211E77EF9700BAC896 /* Debug */,
				D019E7221E77EF9700BAC896 /* Release */,
			);
			defaultConfigurationIsVisible = 0;
		};
/* End XCConfigurationList section */
	};
	rootObject = D019E7061E77EF9600BAC896 /* Project object */;
}
