// !$*UTF8*$!
{
	archiveVersion = 1;
	classes = {
	};
	objectVersion = 46;
	objects = {

/* Begin PBXBuildFile section */
		D04B934C1EB0965F00D1BFB7 /* AppDelegate.swift in Sources */ = {isa = PBXBuildFile; fileRef = D04B934B1EB0965F00D1BFB7 /* AppDelegate.swift */; };
		D04B934E1EB0965F00D1BFB7 /* ViewController.swift in Sources */ = {isa = PBXBuildFile; fileRef = D04B934D1EB0965F00D1BFB7 /* ViewController.swift */; };
		D04B93511EB0965F00D1BFB7 /* Main.storyboard in Resources */ = {isa = PBXBuildFile; fileRef = D04B934F1EB0965F00D1BFB7 /* Main.storyboard */; };
		D04B93531EB0965F00D1BFB7 /* Assets.xcassets in Resources */ = {isa = PBXBuildFile; fileRef = D04B93521EB0965F00D1BFB7 /* Assets.xcassets */; };
		D04B93561EB0965F00D1BFB7 /* LaunchScreen.storyboard in Resources */ = {isa = PBXBuildFile; fileRef = D04B93541EB0965F00D1BFB7 /* LaunchScreen.storyboard */; };
		D04B93741EB0971600D1BFB7 /* SignupProfileViewController.swift in Sources */ = {isa = PBXBuildFile; fileRef = D04B93731EB0971600D1BFB7 /* SignupProfileViewController.swift */; };
/* End PBXBuildFile section */

/* Begin PBXFileReference section */
		D04B93481EB0965F00D1BFB7 /* ImagePicker.app */ = {isa = PBXFileReference; explicitFileType = wrapper.application; includeInIndex = 0; path = ImagePicker.app; sourceTree = BUILT_PRODUCTS_DIR; };
		D04B934B1EB0965F00D1BFB7 /* AppDelegate.swift */ = {isa = PBXFileReference; lastKnownFileType = sourcecode.swift; path = AppDelegate.swift; sourceTree = "<group>"; };
		D04B934D1EB0965F00D1BFB7 /* ViewController.swift */ = {isa = PBXFileReference; lastKnownFileType = sourcecode.swift; path = ViewController.swift; sourceTree = "<group>"; };
		D04B93501EB0965F00D1BFB7 /* Base */ = {isa = PBXFileReference; lastKnownFileType = file.storyboard; name = Base; path = Base.lproj/Main.storyboard; sourceTree = "<group>"; };
		D04B93521EB0965F00D1BFB7 /* Assets.xcassets */ = {isa = PBXFileReference; lastKnownFileType = folder.assetcatalog; path = Assets.xcassets; sourceTree = "<group>"; };
		D04B93551EB0965F00D1BFB7 /* Base */ = {isa = PBXFileReference; lastKnownFileType = file.storyboard; name = Base; path = Base.lproj/LaunchScreen.storyboard; sourceTree = "<group>"; };
		D04B93571EB0965F00D1BFB7 /* Info.plist */ = {isa = PBXFileReference; lastKnownFileType = text.plist.xml; path = Info.plist; sourceTree = "<group>"; };
		D04B93731EB0971600D1BFB7 /* SignupProfileViewController.swift */ = {isa = PBXFileReference; fileEncoding = 4; lastKnownFileType = sourcecode.swift; path = SignupProfileViewController.swift; sourceTree = "<group>"; };
/* End PBXFileReference section */

/* Begin PBXFrameworksBuildPhase section */
		D04B93451EB0965F00D1BFB7 /* Frameworks */ = {
			isa = PBXFrameworksBuildPhase;
			buildActionMask = 2147483647;
			files = (
			);
			runOnlyForDeploymentPostprocessing = 0;
		};
/* End PBXFrameworksBuildPhase section */

/* Begin PBXGroup section */
		D04B933F1EB0965F00D1BFB7 = {
			isa = PBXGroup;
			children = (
				D04B934A1EB0965F00D1BFB7 /* ImagePicker */,
				D04B93491EB0965F00D1BFB7 /* Products */,
			);
			sourceTree = "<group>";
		};
		D04B93491EB0965F00D1BFB7 /* Products */ = {
			isa = PBXGroup;
			children = (
				D04B93481EB0965F00D1BFB7 /* ImagePicker.app */,
			);
			name = Products;
			sourceTree = "<group>";
		};
		D04B934A1EB0965F00D1BFB7 /* ImagePicker */ = {
			isa = PBXGroup;
			children = (
				D04B934B1EB0965F00D1BFB7 /* AppDelegate.swift */,
				D04B934D1EB0965F00D1BFB7 /* ViewController.swift */,
				D04B93731EB0971600D1BFB7 /* SignupProfileViewController.swift */,
				D04B934F1EB0965F00D1BFB7 /* Main.storyboard */,
				D04B93521EB0965F00D1BFB7 /* Assets.xcassets */,
				D04B93541EB0965F00D1BFB7 /* LaunchScreen.storyboard */,
				D04B93571EB0965F00D1BFB7 /* Info.plist */,
			);
			path = ImagePicker;
			sourceTree = "<group>";
		};
/* End PBXGroup section */

/* Begin PBXNativeTarget section */
		D04B93471EB0965F00D1BFB7 /* ImagePicker */ = {
			isa = PBXNativeTarget;
			buildConfigurationList = D04B935A1EB0965F00D1BFB7 /* Build configuration list for PBXNativeTarget "ImagePicker" */;
			buildPhases = (
				D04B93441EB0965F00D1BFB7 /* Sources */,
				D04B93451EB0965F00D1BFB7 /* Frameworks */,
				D04B93461EB0965F00D1BFB7 /* Resources */,
			);
			buildRules = (
			);
			dependencies = (
			);
			name = ImagePicker;
			productName = ImagePicker;
			productReference = D04B93481EB0965F00D1BFB7 /* ImagePicker.app */;
			productType = "com.apple.product-type.application";
		};
/* End PBXNativeTarget section */

/* Begin PBXProject section */
		D04B93401EB0965F00D1BFB7 /* Project object */ = {
			isa = PBXProject;
			attributes = {
				LastSwiftUpdateCheck = 0830;
				LastUpgradeCheck = 0830;
				ORGANIZATIONNAME = Phoenix;
				TargetAttributes = {
					D04B93471EB0965F00D1BFB7 = {
						CreatedOnToolsVersion = 8.3.2;
						DevelopmentTeam = 8TCNQ547JF;
						LastSwiftMigration = 0830;
						ProvisioningStyle = Automatic;
					};
				};
			};
			buildConfigurationList = D04B93431EB0965F00D1BFB7 /* Build configuration list for PBXProject "ImagePicker" */;
			compatibilityVersion = "Xcode 3.2";
			developmentRegion = English;
			hasScannedForEncodings = 0;
			knownRegions = (
				en,
				Base,
			);
			mainGroup = D04B933F1EB0965F00D1BFB7;
			productRefGroup = D04B93491EB0965F00D1BFB7 /* Products */;
			projectDirPath = "";
			projectRoot = "";
			targets = (
				D04B93471EB0965F00D1BFB7 /* ImagePicker */,
			);
		};
/* End PBXProject section */

/* Begin PBXResourcesBuildPhase section */
		D04B93461EB0965F00D1BFB7 /* Resources */ = {
			isa = PBXResourcesBuildPhase;
			buildActionMask = 2147483647;
			files = (
				D04B93561EB0965F00D1BFB7 /* LaunchScreen.storyboard in Resources */,
				D04B93531EB0965F00D1BFB7 /* Assets.xcassets in Resources */,
				D04B93511EB0965F00D1BFB7 /* Main.storyboard in Resources */,
			);
			runOnlyForDeploymentPostprocessing = 0;
		};
/* End PBXResourcesBuildPhase section */

/* Begin PBXSourcesBuildPhase section */
		D04B93441EB0965F00D1BFB7 /* Sources */ = {
			isa = PBXSourcesBuildPhase;
			buildActionMask = 2147483647;
			files = (
				D04B93741EB0971600D1BFB7 /* SignupProfileViewController.swift in Sources */,
				D04B934E1EB0965F00D1BFB7 /* ViewController.swift in Sources */,
				D04B934C1EB0965F00D1BFB7 /* AppDelegate.swift in Sources */,
			);
			runOnlyForDeploymentPostprocessing = 0;
		};
/* End PBXSourcesBuildPhase section */

/* Begin PBXVariantGroup section */
		D04B934F1EB0965F00D1BFB7 /* Main.storyboard */ = {
			isa = PBXVariantGroup;
			children = (
				D04B93501EB0965F00D1BFB7 /* Base */,
			);
			name = Main.storyboard;
			sourceTree = "<group>";
		};
		D04B93541EB0965F00D1BFB7 /* LaunchScreen.storyboard */ = {
			isa = PBXVariantGroup;
			children = (
				D04B93551EB0965F00D1BFB7 /* Base */,
			);
			name = LaunchScreen.storyboard;
			sourceTree = "<group>";
		};
/* End PBXVariantGroup section */

/* Begin XCBuildConfiguration section */
		D04B93581EB0965F00D1BFB7 /* Debug */ = {
			isa = XCBuildConfiguration;
			buildSettings = {
				ALWAYS_SEARCH_USER_PATHS = NO;
				CLANG_ANALYZER_NONNULL = YES;
				CLANG_ANALYZER_NUMBER_OBJECT_CONVERSION = YES_AGGRESSIVE;
				CLANG_CXX_LANGUAGE_STANDARD = "gnu++0x";
				CLANG_CXX_LIBRARY = "libc++";
				CLANG_ENABLE_MODULES = YES;
				CLANG_ENABLE_OBJC_ARC = YES;
				CLANG_WARN_BOOL_CONVERSION = YES;
				CLANG_WARN_CONSTANT_CONVERSION = YES;
				CLANG_WARN_DIRECT_OBJC_ISA_USAGE = YES_ERROR;
				CLANG_WARN_DOCUMENTATION_COMMENTS = YES;
				CLANG_WARN_EMPTY_BODY = YES;
				CLANG_WARN_ENUM_CONVERSION = YES;
				CLANG_WARN_INFINITE_RECURSION = YES;
				CLANG_WARN_INT_CONVERSION = YES;
				CLANG_WARN_OBJC_ROOT_CLASS = YES_ERROR;
				CLANG_WARN_SUSPICIOUS_MOVE = YES;
				CLANG_WARN_UNREACHABLE_CODE = YES;
				CLANG_WARN__DUPLICATE_METHOD_MATCH = YES;
				"CODE_SIGN_IDENTITY[sdk=iphoneos*]" = "iPhone Developer";
				COPY_PHASE_STRIP = NO;
				DEBUG_INFORMATION_FORMAT = dwarf;
				ENABLE_STRICT_OBJC_MSGSEND = YES;
				ENABLE_TESTABILITY = YES;
				GCC_C_LANGUAGE_STANDARD = gnu99;
				GCC_DYNAMIC_NO_PIC = NO;
				GCC_NO_COMMON_BLOCKS = YES;
				GCC_OPTIMIZATION_LEVEL = 0;
				GCC_PREPROCESSOR_DEFINITIONS = (
					"DEBUG=1",
					"$(inherited)",
				);
				GCC_WARN_64_TO_32_BIT_CONVERSION = YES;
				GCC_WARN_ABOUT_RETURN_TYPE = YES_ERROR;
				GCC_WARN_UNDECLARED_SELECTOR = YES;
				GCC_WARN_UNINITIALIZED_AUTOS = YES_AGGRESSIVE;
				GCC_WARN_UNUSED_FUNCTION = YES;
				GCC_WARN_UNUSED_VARIABLE = YES;
				IPHONEOS_DEPLOYMENT_TARGET = 10.3;
				MTL_ENABLE_DEBUG_INFO = YES;
				ONLY_ACTIVE_ARCH = YES;
				SDKROOT = iphoneos;
				SWIFT_ACTIVE_COMPILATION_CONDITIONS = DEBUG;
				SWIFT_OPTIMIZATION_LEVEL = "-Onone";
			};
			name = Debug;
		};
		D04B93591EB0965F00D1BFB7 /* Release */ = {
			isa = XCBuildConfiguration;
			buildSettings = {
				ALWAYS_SEARCH_USER_PATHS = NO;
				CLANG_ANALYZER_NONNULL = YES;
				CLANG_ANALYZER_NUMBER_OBJECT_CONVERSION = YES_AGGRESSIVE;
				CLANG_CXX_LANGUAGE_STANDARD = "gnu++0x";
				CLANG_CXX_LIBRARY = "libc++";
				CLANG_ENABLE_MODULES = YES;
				CLANG_ENABLE_OBJC_ARC = YES;
				CLANG_WARN_BOOL_CONVERSION = YES;
				CLANG_WARN_CONSTANT_CONVERSION = YES;
				CLANG_WARN_DIRECT_OBJC_ISA_USAGE = YES_ERROR;
				CLANG_WARN_DOCUMENTATION_COMMENTS = YES;
				CLANG_WARN_EMPTY_BODY = YES;
				CLANG_WARN_ENUM_CONVERSION = YES;
				CLANG_WARN_INFINITE_RECURSION = YES;
				CLANG_WARN_INT_CONVERSION = YES;
				CLANG_WARN_OBJC_ROOT_CLASS = YES_ERROR;
				CLANG_WARN_SUSPICIOUS_MOVE = YES;
				CLANG_WARN_UNREACHABLE_CODE = YES;
				CLANG_WARN__DUPLICATE_METHOD_MATCH = YES;
				"CODE_SIGN_IDENTITY[sdk=iphoneos*]" = "iPhone Developer";
				COPY_PHASE_STRIP = NO;
				DEBUG_INFORMATION_FORMAT = "dwarf-with-dsym";
				ENABLE_NS_ASSERTIONS = NO;
				ENABLE_STRICT_OBJC_MSGSEND = YES;
				GCC_C_LANGUAGE_STANDARD = gnu99;
				GCC_NO_COMMON_BLOCKS = YES;
				GCC_WARN_64_TO_32_BIT_CONVERSION = YES;
				GCC_WARN_ABOUT_RETURN_TYPE = YES_ERROR;
				GCC_WARN_UNDECLARED_SELECTOR = YES;
				GCC_WARN_UNINITIALIZED_AUTOS = YES_AGGRESSIVE;
				GCC_WARN_UNUSED_FUNCTION = YES;
				GCC_WARN_UNUSED_VARIABLE = YES;
				IPHONEOS_DEPLOYMENT_TARGET = 10.3;
				MTL_ENABLE_DEBUG_INFO = NO;
				SDKROOT = iphoneos;
				SWIFT_OPTIMIZATION_LEVEL = "-Owholemodule";
				VALIDATE_PRODUCT = YES;
			};
			name = Release;
		};
		D04B935B1EB0965F00D1BFB7 /* Debug */ = {
			isa = XCBuildConfiguration;
			buildSettings = {
				ASSETCATALOG_COMPILER_APPICON_NAME = AppIcon;
				DEVELOPMENT_TEAM = 8TCNQ547JF;
				INFOPLIST_FILE = ImagePicker/Info.plist;
				LD_RUNPATH_SEARCH_PATHS = "$(inherited) @executable_path/Frameworks";
				PRODUCT_BUNDLE_IDENTIFIER = com.phoenix.dev;
				PRODUCT_NAME = "$(TARGET_NAME)";
				SWIFT_VERSION = 3.0;
			};
			name = Debug;
		};
		D04B935C1EB0965F00D1BFB7 /* Release */ = {
			isa = XCBuildConfiguration;
			buildSettings = {
				ASSETCATALOG_COMPILER_APPICON_NAME = AppIcon;
				DEVELOPMENT_TEAM = 8TCNQ547JF;
				INFOPLIST_FILE = ImagePicker/Info.plist;
				LD_RUNPATH_SEARCH_PATHS = "$(inherited) @executable_path/Frameworks";
				PRODUCT_BUNDLE_IDENTIFIER = com.phoenix.dev;
				PRODUCT_NAME = "$(TARGET_NAME)";
				SWIFT_VERSION = 3.0;
			};
			name = Release;
		};
/* End XCBuildConfiguration section */

/* Begin XCConfigurationList section */
		D04B93431EB0965F00D1BFB7 /* Build configuration list for PBXProject "ImagePicker" */ = {
			isa = XCConfigurationList;
			buildConfigurations = (
				D04B93581EB0965F00D1BFB7 /* Debug */,
				D04B93591EB0965F00D1BFB7 /* Release */,
			);
			defaultConfigurationIsVisible = 0;
			defaultConfigurationName = Release;
		};
		D04B935A1EB0965F00D1BFB7 /* Build configuration list for PBXNativeTarget "ImagePicker" */ = {
			isa = XCConfigurationList;
			buildConfigurations = (
				D04B935B1EB0965F00D1BFB7 /* Debug */,
				D04B935C1EB0965F00D1BFB7 /* Release */,
			);
			defaultConfigurationIsVisible = 0;
			defaultConfigurationName = Release;
		};
/* End XCConfigurationList section */
	};
	rootObject = D04B93401EB0965F00D1BFB7 /* Project object */;
}
